// !$*UTF8*$!
{
	archiveVersion = 1;
	classes = {
	};
	objectVersion = 55;
	objects = {

/* Begin PBXBuildFile section */
		0025964428525F9500AC90C7 /* AppDelegate.swift in Sources */ = {isa = PBXBuildFile; fileRef = 0025964328525F9500AC90C7 /* AppDelegate.swift */; };
		0025964628525F9500AC90C7 /* SceneDelegate.swift in Sources */ = {isa = PBXBuildFile; fileRef = 0025964528525F9500AC90C7 /* SceneDelegate.swift */; };
		0025964D28525F9700AC90C7 /* Assets.xcassets in Resources */ = {isa = PBXBuildFile; fileRef = 0025964C28525F9700AC90C7 /* Assets.xcassets */; };
		0025965028525F9700AC90C7 /* LaunchScreen.storyboard in Resources */ = {isa = PBXBuildFile; fileRef = 0025964E28525F9700AC90C7 /* LaunchScreen.storyboard */; };
		0025965B28525F9700AC90C7 /* GBShop_KSTests.swift in Sources */ = {isa = PBXBuildFile; fileRef = 0025965A28525F9700AC90C7 /* GBShop_KSTests.swift */; };
		0025966528525F9700AC90C7 /* GBShop_KSUITests.swift in Sources */ = {isa = PBXBuildFile; fileRef = 0025966428525F9700AC90C7 /* GBShop_KSUITests.swift */; };
		0025966728525F9700AC90C7 /* GBShop_KSUITestsLaunchTests.swift in Sources */ = {isa = PBXBuildFile; fileRef = 0025966628525F9700AC90C7 /* GBShop_KSUITestsLaunchTests.swift */; };
		0032D229286110AF001CFA8A /* Alamofire in Frameworks */ = {isa = PBXBuildFile; productRef = 0032D228286110AF001CFA8A /* Alamofire */; };
		0032D22C286111AD001CFA8A /* AbstractErrorParser.swift in Sources */ = {isa = PBXBuildFile; fileRef = 0032D22B286111AD001CFA8A /* AbstractErrorParser.swift */; };
		0032D22E286112AE001CFA8A /* ErrorParser.swift in Sources */ = {isa = PBXBuildFile; fileRef = 0032D22D286112AE001CFA8A /* ErrorParser.swift */; };
		0032D230286117A4001CFA8A /* ResponseCodable.swift in Sources */ = {isa = PBXBuildFile; fileRef = 0032D22F286117A4001CFA8A /* ResponseCodable.swift */; };
		0032D23228611E2F001CFA8A /* AbstractRequestFactory.swift in Sources */ = {isa = PBXBuildFile; fileRef = 0032D23128611E2F001CFA8A /* AbstractRequestFactory.swift */; };
		0032D234286121BB001CFA8A /* RequestRouter.swift in Sources */ = {isa = PBXBuildFile; fileRef = 0032D233286121BB001CFA8A /* RequestRouter.swift */; };
		0032D2362861D00D001CFA8A /* LoginResult.swift in Sources */ = {isa = PBXBuildFile; fileRef = 0032D2352861D00D001CFA8A /* LoginResult.swift */; };
		0032D2382861D021001CFA8A /* User.swift in Sources */ = {isa = PBXBuildFile; fileRef = 0032D2372861D021001CFA8A /* User.swift */; };
		0032D23B2861D207001CFA8A /* AuthRequestFactory.swift in Sources */ = {isa = PBXBuildFile; fileRef = 0032D23A2861D207001CFA8A /* AuthRequestFactory.swift */; };
		0032D23D2861D2ED001CFA8A /* Auth.swift in Sources */ = {isa = PBXBuildFile; fileRef = 0032D23C2861D2ED001CFA8A /* Auth.swift */; };
		0032D23F2861D976001CFA8A /* RequestFactory.swift in Sources */ = {isa = PBXBuildFile; fileRef = 0032D23E2861D976001CFA8A /* RequestFactory.swift */; };
		0032D2442861F922001CFA8A /* LogoutResult.swift in Sources */ = {isa = PBXBuildFile; fileRef = 0032D2432861F922001CFA8A /* LogoutResult.swift */; };
		0032D2472862100C001CFA8A /* RegistrationResult.swift in Sources */ = {isa = PBXBuildFile; fileRef = 0032D2462862100C001CFA8A /* RegistrationResult.swift */; };
		0032D24A28621285001CFA8A /* RegistrationRequestFactory.swift in Sources */ = {isa = PBXBuildFile; fileRef = 0032D24928621285001CFA8A /* RegistrationRequestFactory.swift */; };
		0032D24C286212C3001CFA8A /* Registration.swift in Sources */ = {isa = PBXBuildFile; fileRef = 0032D24B286212C3001CFA8A /* Registration.swift */; };
		0032D24E2862230E001CFA8A /* СhangeUserDataResult.swift in Sources */ = {isa = PBXBuildFile; fileRef = 0032D24D2862230E001CFA8A /* СhangeUserDataResult.swift */; };
		0032D2512862239C001CFA8A /* СhangeUserDataRequestFactory.swift in Sources */ = {isa = PBXBuildFile; fileRef = 0032D2502862239C001CFA8A /* СhangeUserDataRequestFactory.swift */; };
		0032D253286223AD001CFA8A /* СhangeUserData.swift in Sources */ = {isa = PBXBuildFile; fileRef = 0032D252286223AD001CFA8A /* СhangeUserData.swift */; };
		004CA932286D9979005F2C7F /* ResponseCodableTests.swift in Sources */ = {isa = PBXBuildFile; fileRef = 004CA931286D9979005F2C7F /* ResponseCodableTests.swift */; };
		004CA934286DB54B005F2C7F /* RequestsTests.swift in Sources */ = {isa = PBXBuildFile; fileRef = 004CA933286DB54B005F2C7F /* RequestsTests.swift */; };
/* End PBXBuildFile section */

/* Begin PBXContainerItemProxy section */
		0025965728525F9700AC90C7 /* PBXContainerItemProxy */ = {
			isa = PBXContainerItemProxy;
			containerPortal = 0025963828525F9400AC90C7 /* Project object */;
			proxyType = 1;
			remoteGlobalIDString = 0025963F28525F9400AC90C7;
			remoteInfo = GBShop_KS;
		};
		0025966128525F9700AC90C7 /* PBXContainerItemProxy */ = {
			isa = PBXContainerItemProxy;
			containerPortal = 0025963828525F9400AC90C7 /* Project object */;
			proxyType = 1;
			remoteGlobalIDString = 0025963F28525F9400AC90C7;
			remoteInfo = GBShop_KS;
		};
/* End PBXContainerItemProxy section */

/* Begin PBXFileReference section */
		0025964028525F9400AC90C7 /* GBShop_KS.app */ = {isa = PBXFileReference; explicitFileType = wrapper.application; includeInIndex = 0; path = GBShop_KS.app; sourceTree = BUILT_PRODUCTS_DIR; };
		0025964328525F9500AC90C7 /* AppDelegate.swift */ = {isa = PBXFileReference; lastKnownFileType = sourcecode.swift; path = AppDelegate.swift; sourceTree = "<group>"; };
		0025964528525F9500AC90C7 /* SceneDelegate.swift */ = {isa = PBXFileReference; lastKnownFileType = sourcecode.swift; path = SceneDelegate.swift; sourceTree = "<group>"; };
		0025964C28525F9700AC90C7 /* Assets.xcassets */ = {isa = PBXFileReference; lastKnownFileType = folder.assetcatalog; path = Assets.xcassets; sourceTree = "<group>"; };
		0025964F28525F9700AC90C7 /* Base */ = {isa = PBXFileReference; lastKnownFileType = file.storyboard; name = Base; path = Base.lproj/LaunchScreen.storyboard; sourceTree = "<group>"; };
		0025965128525F9700AC90C7 /* Info.plist */ = {isa = PBXFileReference; lastKnownFileType = text.plist.xml; path = Info.plist; sourceTree = "<group>"; };
		0025965628525F9700AC90C7 /* GBShop_KSTests.xctest */ = {isa = PBXFileReference; explicitFileType = wrapper.cfbundle; includeInIndex = 0; path = GBShop_KSTests.xctest; sourceTree = BUILT_PRODUCTS_DIR; };
		0025965A28525F9700AC90C7 /* GBShop_KSTests.swift */ = {isa = PBXFileReference; lastKnownFileType = sourcecode.swift; path = GBShop_KSTests.swift; sourceTree = "<group>"; };
		0025966028525F9700AC90C7 /* GBShop_KSUITests.xctest */ = {isa = PBXFileReference; explicitFileType = wrapper.cfbundle; includeInIndex = 0; path = GBShop_KSUITests.xctest; sourceTree = BUILT_PRODUCTS_DIR; };
		0025966428525F9700AC90C7 /* GBShop_KSUITests.swift */ = {isa = PBXFileReference; lastKnownFileType = sourcecode.swift; path = GBShop_KSUITests.swift; sourceTree = "<group>"; };
		0025966628525F9700AC90C7 /* GBShop_KSUITestsLaunchTests.swift */ = {isa = PBXFileReference; lastKnownFileType = sourcecode.swift; path = GBShop_KSUITestsLaunchTests.swift; sourceTree = "<group>"; };
		0032D22B286111AD001CFA8A /* AbstractErrorParser.swift */ = {isa = PBXFileReference; lastKnownFileType = sourcecode.swift; path = AbstractErrorParser.swift; sourceTree = "<group>"; };
		0032D22D286112AE001CFA8A /* ErrorParser.swift */ = {isa = PBXFileReference; lastKnownFileType = sourcecode.swift; path = ErrorParser.swift; sourceTree = "<group>"; };
		0032D22F286117A4001CFA8A /* ResponseCodable.swift */ = {isa = PBXFileReference; lastKnownFileType = sourcecode.swift; path = ResponseCodable.swift; sourceTree = "<group>"; };
		0032D23128611E2F001CFA8A /* AbstractRequestFactory.swift */ = {isa = PBXFileReference; lastKnownFileType = sourcecode.swift; path = AbstractRequestFactory.swift; sourceTree = "<group>"; };
		0032D233286121BB001CFA8A /* RequestRouter.swift */ = {isa = PBXFileReference; lastKnownFileType = sourcecode.swift; path = RequestRouter.swift; sourceTree = "<group>"; };
		0032D2352861D00D001CFA8A /* LoginResult.swift */ = {isa = PBXFileReference; lastKnownFileType = sourcecode.swift; path = LoginResult.swift; sourceTree = "<group>"; };
		0032D2372861D021001CFA8A /* User.swift */ = {isa = PBXFileReference; lastKnownFileType = sourcecode.swift; path = User.swift; sourceTree = "<group>"; };
		0032D23A2861D207001CFA8A /* AuthRequestFactory.swift */ = {isa = PBXFileReference; lastKnownFileType = sourcecode.swift; path = AuthRequestFactory.swift; sourceTree = "<group>"; };
		0032D23C2861D2ED001CFA8A /* Auth.swift */ = {isa = PBXFileReference; lastKnownFileType = sourcecode.swift; path = Auth.swift; sourceTree = "<group>"; };
		0032D23E2861D976001CFA8A /* RequestFactory.swift */ = {isa = PBXFileReference; lastKnownFileType = sourcecode.swift; path = RequestFactory.swift; sourceTree = "<group>"; };
		0032D2432861F922001CFA8A /* LogoutResult.swift */ = {isa = PBXFileReference; lastKnownFileType = sourcecode.swift; path = LogoutResult.swift; sourceTree = "<group>"; };
		0032D2462862100C001CFA8A /* RegistrationResult.swift */ = {isa = PBXFileReference; lastKnownFileType = sourcecode.swift; path = RegistrationResult.swift; sourceTree = "<group>"; };
		0032D24928621285001CFA8A /* RegistrationRequestFactory.swift */ = {isa = PBXFileReference; lastKnownFileType = sourcecode.swift; path = RegistrationRequestFactory.swift; sourceTree = "<group>"; };
		0032D24B286212C3001CFA8A /* Registration.swift */ = {isa = PBXFileReference; lastKnownFileType = sourcecode.swift; path = Registration.swift; sourceTree = "<group>"; };
		0032D24D2862230E001CFA8A /* СhangeUserDataResult.swift */ = {isa = PBXFileReference; lastKnownFileType = sourcecode.swift; path = "СhangeUserDataResult.swift"; sourceTree = "<group>"; };
		0032D2502862239C001CFA8A /* СhangeUserDataRequestFactory.swift */ = {isa = PBXFileReference; lastKnownFileType = sourcecode.swift; path = "СhangeUserDataRequestFactory.swift"; sourceTree = "<group>"; };
		0032D252286223AD001CFA8A /* СhangeUserData.swift */ = {isa = PBXFileReference; lastKnownFileType = sourcecode.swift; path = "СhangeUserData.swift"; sourceTree = "<group>"; };
		004CA931286D9979005F2C7F /* ResponseCodableTests.swift */ = {isa = PBXFileReference; lastKnownFileType = sourcecode.swift; path = ResponseCodableTests.swift; sourceTree = "<group>"; };
		004CA933286DB54B005F2C7F /* RequestsTests.swift */ = {isa = PBXFileReference; lastKnownFileType = sourcecode.swift; path = RequestsTests.swift; sourceTree = "<group>"; };
/* End PBXFileReference section */

/* Begin PBXFrameworksBuildPhase section */
		0025963D28525F9400AC90C7 /* Frameworks */ = {
			isa = PBXFrameworksBuildPhase;
			buildActionMask = 2147483647;
			files = (
				0032D229286110AF001CFA8A /* Alamofire in Frameworks */,
			);
			runOnlyForDeploymentPostprocessing = 0;
		};
		0025965328525F9700AC90C7 /* Frameworks */ = {
			isa = PBXFrameworksBuildPhase;
			buildActionMask = 2147483647;
			files = (
			);
			runOnlyForDeploymentPostprocessing = 0;
		};
		0025965D28525F9700AC90C7 /* Frameworks */ = {
			isa = PBXFrameworksBuildPhase;
			buildActionMask = 2147483647;
			files = (
			);
			runOnlyForDeploymentPostprocessing = 0;
		};
/* End PBXFrameworksBuildPhase section */

/* Begin PBXGroup section */
		0025963728525F9400AC90C7 = {
			isa = PBXGroup;
			children = (
				0025964228525F9400AC90C7 /* GBShop_KS */,
				0025965928525F9700AC90C7 /* GBShop_KSTests */,
				0025966328525F9700AC90C7 /* GBShop_KSUITests */,
				0025964128525F9400AC90C7 /* Products */,
			);
			sourceTree = "<group>";
		};
		0025964128525F9400AC90C7 /* Products */ = {
			isa = PBXGroup;
			children = (
				0025964028525F9400AC90C7 /* GBShop_KS.app */,
				0025965628525F9700AC90C7 /* GBShop_KSTests.xctest */,
				0025966028525F9700AC90C7 /* GBShop_KSUITests.xctest */,
			);
			name = Products;
			sourceTree = "<group>";
		};
		0025964228525F9400AC90C7 /* GBShop_KS */ = {
			isa = PBXGroup;
			children = (
				0025967328525FA100AC90C7 /* App */,
				0025967628525FB600AC90C7 /* Core */,
				0025967528525FAF00AC90C7 /* Resources */,
				0025967428525FAC00AC90C7 /* Environments */,
			);
			path = GBShop_KS;
			sourceTree = "<group>";
		};
		0025965928525F9700AC90C7 /* GBShop_KSTests */ = {
			isa = PBXGroup;
			children = (
				0025965A28525F9700AC90C7 /* GBShop_KSTests.swift */,
				004CA931286D9979005F2C7F /* ResponseCodableTests.swift */,
				004CA933286DB54B005F2C7F /* RequestsTests.swift */,
			);
			path = GBShop_KSTests;
			sourceTree = "<group>";
		};
		0025966328525F9700AC90C7 /* GBShop_KSUITests */ = {
			isa = PBXGroup;
			children = (
				0025966428525F9700AC90C7 /* GBShop_KSUITests.swift */,
				0025966628525F9700AC90C7 /* GBShop_KSUITestsLaunchTests.swift */,
			);
			path = GBShop_KSUITests;
			sourceTree = "<group>";
		};
		0025967328525FA100AC90C7 /* App */ = {
			isa = PBXGroup;
			children = (
				0025964328525F9500AC90C7 /* AppDelegate.swift */,
				0025964528525F9500AC90C7 /* SceneDelegate.swift */,
				0025967A28525FC700AC90C7 /* BusinessLogic */,
				0025967928525FC400AC90C7 /* Entity */,
				0025967828525FBF00AC90C7 /* Assembly */,
				0025967728525FBC00AC90C7 /* Flows */,
			);
			path = App;
			sourceTree = "<group>";
		};
		0025967428525FAC00AC90C7 /* Environments */ = {
			isa = PBXGroup;
			children = (
				0025965128525F9700AC90C7 /* Info.plist */,
			);
			path = Environments;
			sourceTree = "<group>";
		};
		0025967528525FAF00AC90C7 /* Resources */ = {
			isa = PBXGroup;
			children = (
				0025964C28525F9700AC90C7 /* Assets.xcassets */,
				0025964E28525F9700AC90C7 /* LaunchScreen.storyboard */,
			);
			path = Resources;
			sourceTree = "<group>";
		};
		0025967628525FB600AC90C7 /* Core */ = {
			isa = PBXGroup;
			children = (
				0032D22A28611123001CFA8A /* Network */,
			);
			path = Core;
			sourceTree = "<group>";
		};
		0025967728525FBC00AC90C7 /* Flows */ = {
			isa = PBXGroup;
			children = (
			);
			path = Flows;
			sourceTree = "<group>";
		};
		0025967828525FBF00AC90C7 /* Assembly */ = {
			isa = PBXGroup;
			children = (
			);
			path = Assembly;
			sourceTree = "<group>";
		};
		0025967928525FC400AC90C7 /* Entity */ = {
			isa = PBXGroup;
			children = (
				0032D2352861D00D001CFA8A /* LoginResult.swift */,
				0032D2432861F922001CFA8A /* LogoutResult.swift */,
				0032D2462862100C001CFA8A /* RegistrationResult.swift */,
				0032D24D2862230E001CFA8A /* СhangeUserDataResult.swift */,
				0032D2372861D021001CFA8A /* User.swift */,
			);
			path = Entity;
			sourceTree = "<group>";
		};
		0025967A28525FC700AC90C7 /* BusinessLogic */ = {
			isa = PBXGroup;
			children = (
				0032D2392861D1D0001CFA8A /* Network */,
			);
			path = BusinessLogic;
			sourceTree = "<group>";
		};
		0032D22A28611123001CFA8A /* Network */ = {
			isa = PBXGroup;
			children = (
				0032D2412861EBB0001CFA8A /* Error */,
				0032D2422861EBC8001CFA8A /* Router */,
				0032D22F286117A4001CFA8A /* ResponseCodable.swift */,
				0032D23128611E2F001CFA8A /* AbstractRequestFactory.swift */,
			);
			path = Network;
			sourceTree = "<group>";
		};
		0032D2392861D1D0001CFA8A /* Network */ = {
			isa = PBXGroup;
			children = (
				0032D254286226AA001CFA8A /* Request */,
				0032D24F28622357001CFA8A /* СhangeUserData */,
				0032D2482862124B001CFA8A /* Registration */,
				0032D2402861EB77001CFA8A /* Auth */,
			);
			path = Network;
			sourceTree = "<group>";
		};
		0032D2402861EB77001CFA8A /* Auth */ = {
			isa = PBXGroup;
			children = (
				0032D23A2861D207001CFA8A /* AuthRequestFactory.swift */,
				0032D23C2861D2ED001CFA8A /* Auth.swift */,
			);
			path = Auth;
			sourceTree = "<group>";
		};
		0032D2412861EBB0001CFA8A /* Error */ = {
			isa = PBXGroup;
			children = (
				0032D22B286111AD001CFA8A /* AbstractErrorParser.swift */,
				0032D22D286112AE001CFA8A /* ErrorParser.swift */,
			);
			path = Error;
			sourceTree = "<group>";
		};
		0032D2422861EBC8001CFA8A /* Router */ = {
			isa = PBXGroup;
			children = (
				0032D233286121BB001CFA8A /* RequestRouter.swift */,
			);
			path = Router;
			sourceTree = "<group>";
		};
		0032D2482862124B001CFA8A /* Registration */ = {
			isa = PBXGroup;
			children = (
				0032D24928621285001CFA8A /* RegistrationRequestFactory.swift */,
				0032D24B286212C3001CFA8A /* Registration.swift */,
			);
			path = Registration;
			sourceTree = "<group>";
		};
		0032D24F28622357001CFA8A /* СhangeUserData */ = {
			isa = PBXGroup;
			children = (
				0032D2502862239C001CFA8A /* СhangeUserDataRequestFactory.swift */,
				0032D252286223AD001CFA8A /* СhangeUserData.swift */,
			);
			path = "СhangeUserData";
			sourceTree = "<group>";
		};
		0032D254286226AA001CFA8A /* Request */ = {
			isa = PBXGroup;
			children = (
				0032D23E2861D976001CFA8A /* RequestFactory.swift */,
			);
			path = Request;
			sourceTree = "<group>";
		};
/* End PBXGroup section */

/* Begin PBXNativeTarget section */
		0025963F28525F9400AC90C7 /* GBShop_KS */ = {
			isa = PBXNativeTarget;
			buildConfigurationList = 0025966A28525F9700AC90C7 /* Build configuration list for PBXNativeTarget "GBShop_KS" */;
			buildPhases = (
				0025963C28525F9400AC90C7 /* Sources */,
				0025963D28525F9400AC90C7 /* Frameworks */,
				0025963E28525F9400AC90C7 /* Resources */,
			);
			buildRules = (
			);
			dependencies = (
			);
			name = GBShop_KS;
			packageProductDependencies = (
				0032D228286110AF001CFA8A /* Alamofire */,
			);
			productName = GBShop_KS;
			productReference = 0025964028525F9400AC90C7 /* GBShop_KS.app */;
			productType = "com.apple.product-type.application";
		};
		0025965528525F9700AC90C7 /* GBShop_KSTests */ = {
			isa = PBXNativeTarget;
			buildConfigurationList = 0025966D28525F9700AC90C7 /* Build configuration list for PBXNativeTarget "GBShop_KSTests" */;
			buildPhases = (
				0025965228525F9700AC90C7 /* Sources */,
				0025965328525F9700AC90C7 /* Frameworks */,
				0025965428525F9700AC90C7 /* Resources */,
			);
			buildRules = (
			);
			dependencies = (
				0025965828525F9700AC90C7 /* PBXTargetDependency */,
			);
			name = GBShop_KSTests;
			productName = GBShop_KSTests;
			productReference = 0025965628525F9700AC90C7 /* GBShop_KSTests.xctest */;
			productType = "com.apple.product-type.bundle.unit-test";
		};
		0025965F28525F9700AC90C7 /* GBShop_KSUITests */ = {
			isa = PBXNativeTarget;
			buildConfigurationList = 0025967028525F9700AC90C7 /* Build configuration list for PBXNativeTarget "GBShop_KSUITests" */;
			buildPhases = (
				0025965C28525F9700AC90C7 /* Sources */,
				0025965D28525F9700AC90C7 /* Frameworks */,
				0025965E28525F9700AC90C7 /* Resources */,
			);
			buildRules = (
			);
			dependencies = (
				0025966228525F9700AC90C7 /* PBXTargetDependency */,
			);
			name = GBShop_KSUITests;
			productName = GBShop_KSUITests;
			productReference = 0025966028525F9700AC90C7 /* GBShop_KSUITests.xctest */;
			productType = "com.apple.product-type.bundle.ui-testing";
		};
/* End PBXNativeTarget section */

/* Begin PBXProject section */
		0025963828525F9400AC90C7 /* Project object */ = {
			isa = PBXProject;
			attributes = {
				BuildIndependentTargetsInParallel = 1;
				LastSwiftUpdateCheck = 1340;
				LastUpgradeCheck = 1340;
				TargetAttributes = {
					0025963F28525F9400AC90C7 = {
						CreatedOnToolsVersion = 13.4.1;
					};
					0025965528525F9700AC90C7 = {
						CreatedOnToolsVersion = 13.4.1;
						TestTargetID = 0025963F28525F9400AC90C7;
					};
					0025965F28525F9700AC90C7 = {
						CreatedOnToolsVersion = 13.4.1;
						TestTargetID = 0025963F28525F9400AC90C7;
					};
				};
			};
			buildConfigurationList = 0025963B28525F9400AC90C7 /* Build configuration list for PBXProject "GBShop_KS" */;
			compatibilityVersion = "Xcode 13.0";
			developmentRegion = en;
			hasScannedForEncodings = 0;
			knownRegions = (
				en,
				Base,
			);
			mainGroup = 0025963728525F9400AC90C7;
			packageReferences = (
				0032D227286110AF001CFA8A /* XCRemoteSwiftPackageReference "Alamofire" */,
			);
			productRefGroup = 0025964128525F9400AC90C7 /* Products */;
			projectDirPath = "";
			projectRoot = "";
			targets = (
				0025963F28525F9400AC90C7 /* GBShop_KS */,
				0025965528525F9700AC90C7 /* GBShop_KSTests */,
				0025965F28525F9700AC90C7 /* GBShop_KSUITests */,
			);
		};
/* End PBXProject section */

/* Begin PBXResourcesBuildPhase section */
		0025963E28525F9400AC90C7 /* Resources */ = {
			isa = PBXResourcesBuildPhase;
			buildActionMask = 2147483647;
			files = (
				0025965028525F9700AC90C7 /* LaunchScreen.storyboard in Resources */,
				0025964D28525F9700AC90C7 /* Assets.xcassets in Resources */,
			);
			runOnlyForDeploymentPostprocessing = 0;
		};
		0025965428525F9700AC90C7 /* Resources */ = {
			isa = PBXResourcesBuildPhase;
			buildActionMask = 2147483647;
			files = (
			);
			runOnlyForDeploymentPostprocessing = 0;
		};
		0025965E28525F9700AC90C7 /* Resources */ = {
			isa = PBXResourcesBuildPhase;
			buildActionMask = 2147483647;
			files = (
			);
			runOnlyForDeploymentPostprocessing = 0;
		};
/* End PBXResourcesBuildPhase section */

/* Begin PBXSourcesBuildPhase section */
		0025963C28525F9400AC90C7 /* Sources */ = {
			isa = PBXSourcesBuildPhase;
			buildActionMask = 2147483647;
			files = (
				0032D23F2861D976001CFA8A /* RequestFactory.swift in Sources */,
				0032D24E2862230E001CFA8A /* СhangeUserDataResult.swift in Sources */,
				0032D22C286111AD001CFA8A /* AbstractErrorParser.swift in Sources */,
				0032D2442861F922001CFA8A /* LogoutResult.swift in Sources */,
				0032D230286117A4001CFA8A /* ResponseCodable.swift in Sources */,
				0032D23B2861D207001CFA8A /* AuthRequestFactory.swift in Sources */,
				0032D234286121BB001CFA8A /* RequestRouter.swift in Sources */,
				0032D253286223AD001CFA8A /* СhangeUserData.swift in Sources */,
				0025964428525F9500AC90C7 /* AppDelegate.swift in Sources */,
				0032D2472862100C001CFA8A /* RegistrationResult.swift in Sources */,
				0032D2512862239C001CFA8A /* СhangeUserDataRequestFactory.swift in Sources */,
				0032D24C286212C3001CFA8A /* Registration.swift in Sources */,
				0032D2362861D00D001CFA8A /* LoginResult.swift in Sources */,
				0032D23D2861D2ED001CFA8A /* Auth.swift in Sources */,
				0032D24A28621285001CFA8A /* RegistrationRequestFactory.swift in Sources */,
				0032D2382861D021001CFA8A /* User.swift in Sources */,
				0025964628525F9500AC90C7 /* SceneDelegate.swift in Sources */,
				0032D23228611E2F001CFA8A /* AbstractRequestFactory.swift in Sources */,
				0032D22E286112AE001CFA8A /* ErrorParser.swift in Sources */,
			);
			runOnlyForDeploymentPostprocessing = 0;
		};
		0025965228525F9700AC90C7 /* Sources */ = {
			isa = PBXSourcesBuildPhase;
			buildActionMask = 2147483647;
			files = (
				0025965B28525F9700AC90C7 /* GBShop_KSTests.swift in Sources */,
				004CA932286D9979005F2C7F /* ResponseCodableTests.swift in Sources */,
				004CA934286DB54B005F2C7F /* RequestsTests.swift in Sources */,
			);
			runOnlyForDeploymentPostprocessing = 0;
		};
		0025965C28525F9700AC90C7 /* Sources */ = {
			isa = PBXSourcesBuildPhase;
			buildActionMask = 2147483647;
			files = (
				0025966528525F9700AC90C7 /* GBShop_KSUITests.swift in Sources */,
				0025966728525F9700AC90C7 /* GBShop_KSUITestsLaunchTests.swift in Sources */,
			);
			runOnlyForDeploymentPostprocessing = 0;
		};
/* End PBXSourcesBuildPhase section */

/* Begin PBXTargetDependency section */
		0025965828525F9700AC90C7 /* PBXTargetDependency */ = {
			isa = PBXTargetDependency;
			target = 0025963F28525F9400AC90C7 /* GBShop_KS */;
			targetProxy = 0025965728525F9700AC90C7 /* PBXContainerItemProxy */;
		};
		0025966228525F9700AC90C7 /* PBXTargetDependency */ = {
			isa = PBXTargetDependency;
			target = 0025963F28525F9400AC90C7 /* GBShop_KS */;
			targetProxy = 0025966128525F9700AC90C7 /* PBXContainerItemProxy */;
		};
/* End PBXTargetDependency section */

/* Begin PBXVariantGroup section */
		0025964E28525F9700AC90C7 /* LaunchScreen.storyboard */ = {
			isa = PBXVariantGroup;
			children = (
				0025964F28525F9700AC90C7 /* Base */,
			);
			name = LaunchScreen.storyboard;
			sourceTree = "<group>";
		};
/* End PBXVariantGroup section */

/* Begin XCBuildConfiguration section */
		0025966828525F9700AC90C7 /* Debug */ = {
			isa = XCBuildConfiguration;
			buildSettings = {
				ALWAYS_SEARCH_USER_PATHS = NO;
				CLANG_ANALYZER_NONNULL = YES;
				CLANG_ANALYZER_NUMBER_OBJECT_CONVERSION = YES_AGGRESSIVE;
				CLANG_CXX_LANGUAGE_STANDARD = "gnu++17";
				CLANG_ENABLE_MODULES = YES;
				CLANG_ENABLE_OBJC_ARC = YES;
				CLANG_ENABLE_OBJC_WEAK = YES;
				CLANG_WARN_BLOCK_CAPTURE_AUTORELEASING = YES;
				CLANG_WARN_BOOL_CONVERSION = YES;
				CLANG_WARN_COMMA = YES;
				CLANG_WARN_CONSTANT_CONVERSION = YES;
				CLANG_WARN_DEPRECATED_OBJC_IMPLEMENTATIONS = YES;
				CLANG_WARN_DIRECT_OBJC_ISA_USAGE = YES_ERROR;
				CLANG_WARN_DOCUMENTATION_COMMENTS = YES;
				CLANG_WARN_EMPTY_BODY = YES;
				CLANG_WARN_ENUM_CONVERSION = YES;
				CLANG_WARN_INFINITE_RECURSION = YES;
				CLANG_WARN_INT_CONVERSION = YES;
				CLANG_WARN_NON_LITERAL_NULL_CONVERSION = YES;
				CLANG_WARN_OBJC_IMPLICIT_RETAIN_SELF = YES;
				CLANG_WARN_OBJC_LITERAL_CONVERSION = YES;
				CLANG_WARN_OBJC_ROOT_CLASS = YES_ERROR;
				CLANG_WARN_QUOTED_INCLUDE_IN_FRAMEWORK_HEADER = YES;
				CLANG_WARN_RANGE_LOOP_ANALYSIS = YES;
				CLANG_WARN_STRICT_PROTOTYPES = YES;
				CLANG_WARN_SUSPICIOUS_MOVE = YES;
				CLANG_WARN_UNGUARDED_AVAILABILITY = YES_AGGRESSIVE;
				CLANG_WARN_UNREACHABLE_CODE = YES;
				CLANG_WARN__DUPLICATE_METHOD_MATCH = YES;
				COPY_PHASE_STRIP = NO;
				DEBUG_INFORMATION_FORMAT = dwarf;
				ENABLE_STRICT_OBJC_MSGSEND = YES;
				ENABLE_TESTABILITY = YES;
				GCC_C_LANGUAGE_STANDARD = gnu11;
				GCC_DYNAMIC_NO_PIC = NO;
				GCC_NO_COMMON_BLOCKS = YES;
				GCC_OPTIMIZATION_LEVEL = 0;
				GCC_PREPROCESSOR_DEFINITIONS = (
					"DEBUG=1",
					"$(inherited)",
				);
				GCC_WARN_64_TO_32_BIT_CONVERSION = YES;
				GCC_WARN_ABOUT_RETURN_TYPE = YES_ERROR;
				GCC_WARN_UNDECLARED_SELECTOR = YES;
				GCC_WARN_UNINITIALIZED_AUTOS = YES_AGGRESSIVE;
				GCC_WARN_UNUSED_FUNCTION = YES;
				GCC_WARN_UNUSED_VARIABLE = YES;
				IPHONEOS_DEPLOYMENT_TARGET = 15.5;
				MTL_ENABLE_DEBUG_INFO = INCLUDE_SOURCE;
				MTL_FAST_MATH = YES;
				ONLY_ACTIVE_ARCH = YES;
				SDKROOT = iphoneos;
				SWIFT_ACTIVE_COMPILATION_CONDITIONS = DEBUG;
				SWIFT_OPTIMIZATION_LEVEL = "-Onone";
			};
			name = Debug;
		};
		0025966928525F9700AC90C7 /* Release */ = {
			isa = XCBuildConfiguration;
			buildSettings = {
				ALWAYS_SEARCH_USER_PATHS = NO;
				CLANG_ANALYZER_NONNULL = YES;
				CLANG_ANALYZER_NUMBER_OBJECT_CONVERSION = YES_AGGRESSIVE;
				CLANG_CXX_LANGUAGE_STANDARD = "gnu++17";
				CLANG_ENABLE_MODULES = YES;
				CLANG_ENABLE_OBJC_ARC = YES;
				CLANG_ENABLE_OBJC_WEAK = YES;
				CLANG_WARN_BLOCK_CAPTURE_AUTORELEASING = YES;
				CLANG_WARN_BOOL_CONVERSION = YES;
				CLANG_WARN_COMMA = YES;
				CLANG_WARN_CONSTANT_CONVERSION = YES;
				CLANG_WARN_DEPRECATED_OBJC_IMPLEMENTATIONS = YES;
				CLANG_WARN_DIRECT_OBJC_ISA_USAGE = YES_ERROR;
				CLANG_WARN_DOCUMENTATION_COMMENTS = YES;
				CLANG_WARN_EMPTY_BODY = YES;
				CLANG_WARN_ENUM_CONVERSION = YES;
				CLANG_WARN_INFINITE_RECURSION = YES;
				CLANG_WARN_INT_CONVERSION = YES;
				CLANG_WARN_NON_LITERAL_NULL_CONVERSION = YES;
				CLANG_WARN_OBJC_IMPLICIT_RETAIN_SELF = YES;
				CLANG_WARN_OBJC_LITERAL_CONVERSION = YES;
				CLANG_WARN_OBJC_ROOT_CLASS = YES_ERROR;
				CLANG_WARN_QUOTED_INCLUDE_IN_FRAMEWORK_HEADER = YES;
				CLANG_WARN_RANGE_LOOP_ANALYSIS = YES;
				CLANG_WARN_STRICT_PROTOTYPES = YES;
				CLANG_WARN_SUSPICIOUS_MOVE = YES;
				CLANG_WARN_UNGUARDED_AVAILABILITY = YES_AGGRESSIVE;
				CLANG_WARN_UNREACHABLE_CODE = YES;
				CLANG_WARN__DUPLICATE_METHOD_MATCH = YES;
				COPY_PHASE_STRIP = NO;
				DEBUG_INFORMATION_FORMAT = "dwarf-with-dsym";
				ENABLE_NS_ASSERTIONS = NO;
				ENABLE_STRICT_OBJC_MSGSEND = YES;
				GCC_C_LANGUAGE_STANDARD = gnu11;
				GCC_NO_COMMON_BLOCKS = YES;
				GCC_WARN_64_TO_32_BIT_CONVERSION = YES;
				GCC_WARN_ABOUT_RETURN_TYPE = YES_ERROR;
				GCC_WARN_UNDECLARED_SELECTOR = YES;
				GCC_WARN_UNINITIALIZED_AUTOS = YES_AGGRESSIVE;
				GCC_WARN_UNUSED_FUNCTION = YES;
				GCC_WARN_UNUSED_VARIABLE = YES;
				IPHONEOS_DEPLOYMENT_TARGET = 15.5;
				MTL_ENABLE_DEBUG_INFO = NO;
				MTL_FAST_MATH = YES;
				SDKROOT = iphoneos;
				SWIFT_COMPILATION_MODE = wholemodule;
				SWIFT_OPTIMIZATION_LEVEL = "-O";
				VALIDATE_PRODUCT = YES;
			};
			name = Release;
		};
		0025966B28525F9700AC90C7 /* Debug */ = {
			isa = XCBuildConfiguration;
			buildSettings = {
				ASSETCATALOG_COMPILER_APPICON_NAME = AppIcon;
				ASSETCATALOG_COMPILER_GLOBAL_ACCENT_COLOR_NAME = AccentColor;
				CODE_SIGN_STYLE = Automatic;
				CURRENT_PROJECT_VERSION = 1;
				DEVELOPMENT_TEAM = T8K8YS2863;
				GENERATE_INFOPLIST_FILE = YES;
				INFOPLIST_FILE = GBShop_KS/Environments/Info.plist;
				INFOPLIST_KEY_UIApplicationSupportsIndirectInputEvents = YES;
				INFOPLIST_KEY_UILaunchStoryboardName = LaunchScreen;
				INFOPLIST_KEY_UIMainStoryboardFile = Main;
				INFOPLIST_KEY_UISupportedInterfaceOrientations_iPad = "UIInterfaceOrientationPortrait UIInterfaceOrientationPortraitUpsideDown UIInterfaceOrientationLandscapeLeft UIInterfaceOrientationLandscapeRight";
				INFOPLIST_KEY_UISupportedInterfaceOrientations_iPhone = "UIInterfaceOrientationPortrait UIInterfaceOrientationLandscapeLeft UIInterfaceOrientationLandscapeRight";
				LD_RUNPATH_SEARCH_PATHS = (
					"$(inherited)",
					"@executable_path/Frameworks",
				);
				MARKETING_VERSION = 1.0;
				PRODUCT_BUNDLE_IDENTIFIER = "gb.GBShop-KS";
				PRODUCT_NAME = "$(TARGET_NAME)";
				SWIFT_EMIT_LOC_STRINGS = YES;
				SWIFT_VERSION = 5.0;
				TARGETED_DEVICE_FAMILY = "1,2";
			};
			name = Debug;
		};
		0025966C28525F9700AC90C7 /* Release */ = {
			isa = XCBuildConfiguration;
			buildSettings = {
				ASSETCATALOG_COMPILER_APPICON_NAME = AppIcon;
				ASSETCATALOG_COMPILER_GLOBAL_ACCENT_COLOR_NAME = AccentColor;
				CODE_SIGN_STYLE = Automatic;
				CURRENT_PROJECT_VERSION = 1;
				DEVELOPMENT_TEAM = T8K8YS2863;
				GENERATE_INFOPLIST_FILE = YES;
				INFOPLIST_FILE = GBShop_KS/Environments/Info.plist;
				INFOPLIST_KEY_UIApplicationSupportsIndirectInputEvents = YES;
				INFOPLIST_KEY_UILaunchStoryboardName = LaunchScreen;
				INFOPLIST_KEY_UIMainStoryboardFile = Main;
				INFOPLIST_KEY_UISupportedInterfaceOrientations_iPad = "UIInterfaceOrientationPortrait UIInterfaceOrientationPortraitUpsideDown UIInterfaceOrientationLandscapeLeft UIInterfaceOrientationLandscapeRight";
				INFOPLIST_KEY_UISupportedInterfaceOrientations_iPhone = "UIInterfaceOrientationPortrait UIInterfaceOrientationLandscapeLeft UIInterfaceOrientationLandscapeRight";
				LD_RUNPATH_SEARCH_PATHS = (
					"$(inherited)",
					"@executable_path/Frameworks",
				);
				MARKETING_VERSION = 1.0;
				PRODUCT_BUNDLE_IDENTIFIER = "gb.GBShop-KS";
				PRODUCT_NAME = "$(TARGET_NAME)";
				SWIFT_EMIT_LOC_STRINGS = YES;
				SWIFT_VERSION = 5.0;
				TARGETED_DEVICE_FAMILY = "1,2";
			};
			name = Release;
		};
		0025966E28525F9700AC90C7 /* Debug */ = {
			isa = XCBuildConfiguration;
			buildSettings = {
				ALWAYS_EMBED_SWIFT_STANDARD_LIBRARIES = YES;
				BUNDLE_LOADER = "$(TEST_HOST)";
				CODE_SIGN_STYLE = Automatic;
				CURRENT_PROJECT_VERSION = 1;
				DEVELOPMENT_TEAM = T8K8YS2863;
				GENERATE_INFOPLIST_FILE = YES;
				IPHONEOS_DEPLOYMENT_TARGET = 15.5;
				MARKETING_VERSION = 1.0;
				PRODUCT_BUNDLE_IDENTIFIER = "gb.GBShop-KSTests";
				PRODUCT_NAME = "$(TARGET_NAME)";
				SWIFT_EMIT_LOC_STRINGS = NO;
				SWIFT_VERSION = 5.0;
				TARGETED_DEVICE_FAMILY = "1,2";
				TEST_HOST = "$(BUILT_PRODUCTS_DIR)/GBShop_KS.app/GBShop_KS";
			};
			name = Debug;
		};
		0025966F28525F9700AC90C7 /* Release */ = {
			isa = XCBuildConfiguration;
			buildSettings = {
				ALWAYS_EMBED_SWIFT_STANDARD_LIBRARIES = YES;
				BUNDLE_LOADER = "$(TEST_HOST)";
				CODE_SIGN_STYLE = Automatic;
				CURRENT_PROJECT_VERSION = 1;
				DEVELOPMENT_TEAM = T8K8YS2863;
				GENERATE_INFOPLIST_FILE = YES;
				IPHONEOS_DEPLOYMENT_TARGET = 15.5;
				MARKETING_VERSION = 1.0;
				PRODUCT_BUNDLE_IDENTIFIER = "gb.GBShop-KSTests";
				PRODUCT_NAME = "$(TARGET_NAME)";
				SWIFT_EMIT_LOC_STRINGS = NO;
				SWIFT_VERSION = 5.0;
				TARGETED_DEVICE_FAMILY = "1,2";
				TEST_HOST = "$(BUILT_PRODUCTS_DIR)/GBShop_KS.app/GBShop_KS";
			};
			name = Release;
		};
		0025967128525F9700AC90C7 /* Debug */ = {
			isa = XCBuildConfiguration;
			buildSettings = {
				ALWAYS_EMBED_SWIFT_STANDARD_LIBRARIES = YES;
				CODE_SIGN_STYLE = Automatic;
				CURRENT_PROJECT_VERSION = 1;
				DEVELOPMENT_TEAM = T8K8YS2863;
				GENERATE_INFOPLIST_FILE = YES;
				MARKETING_VERSION = 1.0;
				PRODUCT_BUNDLE_IDENTIFIER = "gb.GBShop-KSUITests";
				PRODUCT_NAME = "$(TARGET_NAME)";
				SWIFT_EMIT_LOC_STRINGS = NO;
				SWIFT_VERSION = 5.0;
				TARGETED_DEVICE_FAMILY = "1,2";
				TEST_TARGET_NAME = GBShop_KS;
			};
			name = Debug;
		};
		0025967228525F9700AC90C7 /* Release */ = {
			isa = XCBuildConfiguration;
			buildSettings = {
				ALWAYS_EMBED_SWIFT_STANDARD_LIBRARIES = YES;
				CODE_SIGN_STYLE = Automatic;
				CURRENT_PROJECT_VERSION = 1;
				DEVELOPMENT_TEAM = T8K8YS2863;
				GENERATE_INFOPLIST_FILE = YES;
				MARKETING_VERSION = 1.0;
				PRODUCT_BUNDLE_IDENTIFIER = "gb.GBShop-KSUITests";
				PRODUCT_NAME = "$(TARGET_NAME)";
				SWIFT_EMIT_LOC_STRINGS = NO;
				SWIFT_VERSION = 5.0;
				TARGETED_DEVICE_FAMILY = "1,2";
				TEST_TARGET_NAME = GBShop_KS;
			};
			name = Release;
		};
/* End XCBuildConfiguration section */

/* Begin XCConfigurationList section */
		0025963B28525F9400AC90C7 /* Build configuration list for PBXProject "GBShop_KS" */ = {
			isa = XCConfigurationList;
			buildConfigurations = (
				0025966828525F9700AC90C7 /* Debug */,
				0025966928525F9700AC90C7 /* Release */,
			);
			defaultConfigurationIsVisible = 0;
			defaultConfigurationName = Release;
		};
		0025966A28525F9700AC90C7 /* Build configuration list for PBXNativeTarget "GBShop_KS" */ = {
			isa = XCConfigurationList;
			buildConfigurations = (
				0025966B28525F9700AC90C7 /* Debug */,
				0025966C28525F9700AC90C7 /* Release */,
			);
			defaultConfigurationIsVisible = 0;
			defaultConfigurationName = Release;
		};
		0025966D28525F9700AC90C7 /* Build configuration list for PBXNativeTarget "GBShop_KSTests" */ = {
			isa = XCConfigurationList;
			buildConfigurations = (
				0025966E28525F9700AC90C7 /* Debug */,
				0025966F28525F9700AC90C7 /* Release */,
			);
			defaultConfigurationIsVisible = 0;
			defaultConfigurationName = Release;
		};
		0025967028525F9700AC90C7 /* Build configuration list for PBXNativeTarget "GBShop_KSUITests" */ = {
			isa = XCConfigurationList;
			buildConfigurations = (
				0025967128525F9700AC90C7 /* Debug */,
				0025967228525F9700AC90C7 /* Release */,
			);
			defaultConfigurationIsVisible = 0;
			defaultConfigurationName = Release;
		};
/* End XCConfigurationList section */

/* Begin XCRemoteSwiftPackageReference section */
		0032D227286110AF001CFA8A /* XCRemoteSwiftPackageReference "Alamofire" */ = {
			isa = XCRemoteSwiftPackageReference;
			repositoryURL = "https://github.com/Alamofire/Alamofire.git";
			requirement = {
				kind = upToNextMajorVersion;
				minimumVersion = 5.6.1;
			};
		};
/* End XCRemoteSwiftPackageReference section */

/* Begin XCSwiftPackageProductDependency section */
		0032D228286110AF001CFA8A /* Alamofire */ = {
			isa = XCSwiftPackageProductDependency;
			package = 0032D227286110AF001CFA8A /* XCRemoteSwiftPackageReference "Alamofire" */;
			productName = Alamofire;
		};
/* End XCSwiftPackageProductDependency section */
	};
	rootObject = 0025963828525F9400AC90C7 /* Project object */;
}
