// !$*UTF8*$!
{
	archiveVersion = 1;
	classes = {
	};
	objectVersion = 55;
	objects = {

/* Begin PBXBuildFile section */
		000374F1287611A30080758D /* DefaultResult.swift in Sources */ = {isa = PBXBuildFile; fileRef = 000374F0287611A30080758D /* DefaultResult.swift */; };
		000374F3287739080080758D /* RequestsCatalogTests.swift in Sources */ = {isa = PBXBuildFile; fileRef = 000374F2287739080080758D /* RequestsCatalogTests.swift */; };
		000374F728773C030080758D /* ReviewResult.swift in Sources */ = {isa = PBXBuildFile; fileRef = 000374F628773C030080758D /* ReviewResult.swift */; };
		000374F92877481B0080758D /* ReviewRequestFactory.swift in Sources */ = {isa = PBXBuildFile; fileRef = 000374F82877481B0080758D /* ReviewRequestFactory.swift */; };
		000374FB287748E60080758D /* Review.swift in Sources */ = {isa = PBXBuildFile; fileRef = 000374FA287748E60080758D /* Review.swift */; };
		000374FD287750000080758D /* RequestsReviewTests.swift in Sources */ = {isa = PBXBuildFile; fileRef = 000374FC287750000080758D /* RequestsReviewTests.swift */; };
		00037500287DBCB80080758D /* BasketRequestFactory.swift in Sources */ = {isa = PBXBuildFile; fileRef = 000374FF287DBCB80080758D /* BasketRequestFactory.swift */; };
		00037503287DBF210080758D /* BasketResult.swift in Sources */ = {isa = PBXBuildFile; fileRef = 00037502287DBF210080758D /* BasketResult.swift */; };
		00037505287DC31C0080758D /* BasketRequest.swift in Sources */ = {isa = PBXBuildFile; fileRef = 00037504287DC31C0080758D /* BasketRequest.swift */; };
		00037507287DC4A10080758D /* Basket.swift in Sources */ = {isa = PBXBuildFile; fileRef = 00037506287DC4A10080758D /* Basket.swift */; };
		00037509287DD3E10080758D /* RequestsBasketTests.swift in Sources */ = {isa = PBXBuildFile; fileRef = 00037508287DD3E00080758D /* RequestsBasketTests.swift */; };
		0003750C2888211E0080758D /* StartManager.swift in Sources */ = {isa = PBXBuildFile; fileRef = 0003750B2888211E0080758D /* StartManager.swift */; };
		0003750F288821F70080758D /* AuthViewController.swift in Sources */ = {isa = PBXBuildFile; fileRef = 0003750E288821F70080758D /* AuthViewController.swift */; };
		00037513288827D60080758D /* AuthView.swift in Sources */ = {isa = PBXBuildFile; fileRef = 00037512288827D60080758D /* AuthView.swift */; };
		0003751F288886550080758D /* RegistrationViewController.swift in Sources */ = {isa = PBXBuildFile; fileRef = 0003751E288886550080758D /* RegistrationViewController.swift */; };
		00037521288886830080758D /* RegistrationView.swift in Sources */ = {isa = PBXBuildFile; fileRef = 00037520288886830080758D /* RegistrationView.swift */; };
		00037528288C399B0080758D /* TabBarViewController.swift in Sources */ = {isa = PBXBuildFile; fileRef = 00037527288C399B0080758D /* TabBarViewController.swift */; };
		0003752D288C3C0A0080758D /* EditDataViewController.swift in Sources */ = {isa = PBXBuildFile; fileRef = 0003752C288C3C0A0080758D /* EditDataViewController.swift */; };
		00037530288C50A50080758D /* EditDataView.swift in Sources */ = {isa = PBXBuildFile; fileRef = 0003752F288C50A50080758D /* EditDataView.swift */; };
		0003753228904E410080758D /* CatalogTableViewController.swift in Sources */ = {isa = PBXBuildFile; fileRef = 0003753128904E410080758D /* CatalogTableViewController.swift */; };
		00037537289053F90080758D /* CircleImageView.swift in Sources */ = {isa = PBXBuildFile; fileRef = 00037536289053F90080758D /* CircleImageView.swift */; };
		000375392890587E0080758D /* CatalogTableViewCell.swift in Sources */ = {isa = PBXBuildFile; fileRef = 000375382890587E0080758D /* CatalogTableViewCell.swift */; };
		0003753C289066920080758D /* Extensions+Int.swift in Sources */ = {isa = PBXBuildFile; fileRef = 0003753B289066920080758D /* Extensions+Int.swift */; };
		0003753F2890AC630080758D /* SDWebImage in Frameworks */ = {isa = PBXBuildFile; productRef = 0003753E2890AC630080758D /* SDWebImage */; };
		000375472896E4500080758D /* ProductCardView.swift in Sources */ = {isa = PBXBuildFile; fileRef = 000375462896E4500080758D /* ProductCardView.swift */; };
		000375492896F11A0080758D /* ProductCardViewController.swift in Sources */ = {isa = PBXBuildFile; fileRef = 000375482896F11A0080758D /* ProductCardViewController.swift */; };
		0025964428525F9500AC90C7 /* AppDelegate.swift in Sources */ = {isa = PBXBuildFile; fileRef = 0025964328525F9500AC90C7 /* AppDelegate.swift */; };
		0025964628525F9500AC90C7 /* SceneDelegate.swift in Sources */ = {isa = PBXBuildFile; fileRef = 0025964528525F9500AC90C7 /* SceneDelegate.swift */; };
		0025964D28525F9700AC90C7 /* Assets.xcassets in Resources */ = {isa = PBXBuildFile; fileRef = 0025964C28525F9700AC90C7 /* Assets.xcassets */; };
		0025965028525F9700AC90C7 /* LaunchScreen.storyboard in Resources */ = {isa = PBXBuildFile; fileRef = 0025964E28525F9700AC90C7 /* LaunchScreen.storyboard */; };
		0025965B28525F9700AC90C7 /* GBShop_KSTests.swift in Sources */ = {isa = PBXBuildFile; fileRef = 0025965A28525F9700AC90C7 /* GBShop_KSTests.swift */; };
		0025966528525F9700AC90C7 /* GBShop_KSUITests.swift in Sources */ = {isa = PBXBuildFile; fileRef = 0025966428525F9700AC90C7 /* GBShop_KSUITests.swift */; };
		0025966728525F9700AC90C7 /* GBShop_KSUITestsLaunchTests.swift in Sources */ = {isa = PBXBuildFile; fileRef = 0025966628525F9700AC90C7 /* GBShop_KSUITestsLaunchTests.swift */; };
		0032D229286110AF001CFA8A /* Alamofire in Frameworks */ = {isa = PBXBuildFile; productRef = 0032D228286110AF001CFA8A /* Alamofire */; };
		0032D22C286111AD001CFA8A /* AbstractErrorParser.swift in Sources */ = {isa = PBXBuildFile; fileRef = 0032D22B286111AD001CFA8A /* AbstractErrorParser.swift */; };
		0032D22E286112AE001CFA8A /* ErrorParser.swift in Sources */ = {isa = PBXBuildFile; fileRef = 0032D22D286112AE001CFA8A /* ErrorParser.swift */; };
		0032D230286117A4001CFA8A /* ResponseCodable.swift in Sources */ = {isa = PBXBuildFile; fileRef = 0032D22F286117A4001CFA8A /* ResponseCodable.swift */; };
		0032D23228611E2F001CFA8A /* AbstractRequestFactory.swift in Sources */ = {isa = PBXBuildFile; fileRef = 0032D23128611E2F001CFA8A /* AbstractRequestFactory.swift */; };
		0032D234286121BB001CFA8A /* RequestRouter.swift in Sources */ = {isa = PBXBuildFile; fileRef = 0032D233286121BB001CFA8A /* RequestRouter.swift */; };
		0032D2382861D021001CFA8A /* User.swift in Sources */ = {isa = PBXBuildFile; fileRef = 0032D2372861D021001CFA8A /* User.swift */; };
		0032D23B2861D207001CFA8A /* AuthRequestFactory.swift in Sources */ = {isa = PBXBuildFile; fileRef = 0032D23A2861D207001CFA8A /* AuthRequestFactory.swift */; };
		0032D23D2861D2ED001CFA8A /* Auth.swift in Sources */ = {isa = PBXBuildFile; fileRef = 0032D23C2861D2ED001CFA8A /* Auth.swift */; };
		0032D23F2861D976001CFA8A /* RequestFactory.swift in Sources */ = {isa = PBXBuildFile; fileRef = 0032D23E2861D976001CFA8A /* RequestFactory.swift */; };
		0032D24A28621285001CFA8A /* RegistrationRequestFactory.swift in Sources */ = {isa = PBXBuildFile; fileRef = 0032D24928621285001CFA8A /* RegistrationRequestFactory.swift */; };
		0032D24C286212C3001CFA8A /* Registration.swift in Sources */ = {isa = PBXBuildFile; fileRef = 0032D24B286212C3001CFA8A /* Registration.swift */; };
		0032D2512862239C001CFA8A /* СhangeUserDataRequestFactory.swift in Sources */ = {isa = PBXBuildFile; fileRef = 0032D2502862239C001CFA8A /* СhangeUserDataRequestFactory.swift */; };
		0032D253286223AD001CFA8A /* СhangeUserData.swift in Sources */ = {isa = PBXBuildFile; fileRef = 0032D252286223AD001CFA8A /* СhangeUserData.swift */; };
		004CA932286D9979005F2C7F /* ResponseCodableTests.swift in Sources */ = {isa = PBXBuildFile; fileRef = 004CA931286D9979005F2C7F /* ResponseCodableTests.swift */; };
		004CA934286DB54B005F2C7F /* RequestsAuthTests.swift in Sources */ = {isa = PBXBuildFile; fileRef = 004CA933286DB54B005F2C7F /* RequestsAuthTests.swift */; };
		004CA936286DCA29005F2C7F /* CatalogResult.swift in Sources */ = {isa = PBXBuildFile; fileRef = 004CA935286DCA29005F2C7F /* CatalogResult.swift */; };
		004CA93C286DD083005F2C7F /* GoodByldResult.swift in Sources */ = {isa = PBXBuildFile; fileRef = 004CA93B286DD083005F2C7F /* GoodByldResult.swift */; };
		004CA93F286DD365005F2C7F /* CatalogRequestFactory.swift in Sources */ = {isa = PBXBuildFile; fileRef = 004CA93E286DD365005F2C7F /* CatalogRequestFactory.swift */; };
		004CA944286DD6B7005F2C7F /* Catalog.swift in Sources */ = {isa = PBXBuildFile; fileRef = 004CA943286DD6B7005F2C7F /* Catalog.swift */; };
		004CA946286DE7CB005F2C7F /* GoodByldRequestFactory.swift in Sources */ = {isa = PBXBuildFile; fileRef = 004CA945286DE7CB005F2C7F /* GoodByldRequestFactory.swift */; };
		004CA948286DEA56005F2C7F /* GoodByld.swift in Sources */ = {isa = PBXBuildFile; fileRef = 004CA947286DEA56005F2C7F /* GoodByld.swift */; };
/* End PBXBuildFile section */

/* Begin PBXContainerItemProxy section */
		0025965728525F9700AC90C7 /* PBXContainerItemProxy */ = {
			isa = PBXContainerItemProxy;
			containerPortal = 0025963828525F9400AC90C7 /* Project object */;
			proxyType = 1;
			remoteGlobalIDString = 0025963F28525F9400AC90C7;
			remoteInfo = GBShop_KS;
		};
		0025966128525F9700AC90C7 /* PBXContainerItemProxy */ = {
			isa = PBXContainerItemProxy;
			containerPortal = 0025963828525F9400AC90C7 /* Project object */;
			proxyType = 1;
			remoteGlobalIDString = 0025963F28525F9400AC90C7;
			remoteInfo = GBShop_KS;
		};
/* End PBXContainerItemProxy section */

/* Begin PBXFileReference section */
		000374F0287611A30080758D /* DefaultResult.swift */ = {isa = PBXFileReference; lastKnownFileType = sourcecode.swift; path = DefaultResult.swift; sourceTree = "<group>"; };
		000374F2287739080080758D /* RequestsCatalogTests.swift */ = {isa = PBXFileReference; lastKnownFileType = sourcecode.swift; path = RequestsCatalogTests.swift; sourceTree = "<group>"; };
		000374F628773C030080758D /* ReviewResult.swift */ = {isa = PBXFileReference; lastKnownFileType = sourcecode.swift; path = ReviewResult.swift; sourceTree = "<group>"; };
		000374F82877481B0080758D /* ReviewRequestFactory.swift */ = {isa = PBXFileReference; lastKnownFileType = sourcecode.swift; path = ReviewRequestFactory.swift; sourceTree = "<group>"; };
		000374FA287748E60080758D /* Review.swift */ = {isa = PBXFileReference; lastKnownFileType = sourcecode.swift; path = Review.swift; sourceTree = "<group>"; };
		000374FC287750000080758D /* RequestsReviewTests.swift */ = {isa = PBXFileReference; lastKnownFileType = sourcecode.swift; path = RequestsReviewTests.swift; sourceTree = "<group>"; };
		000374FF287DBCB80080758D /* BasketRequestFactory.swift */ = {isa = PBXFileReference; lastKnownFileType = sourcecode.swift; path = BasketRequestFactory.swift; sourceTree = "<group>"; };
		00037502287DBF210080758D /* BasketResult.swift */ = {isa = PBXFileReference; lastKnownFileType = sourcecode.swift; path = BasketResult.swift; sourceTree = "<group>"; };
		00037504287DC31C0080758D /* BasketRequest.swift */ = {isa = PBXFileReference; lastKnownFileType = sourcecode.swift; path = BasketRequest.swift; sourceTree = "<group>"; };
		00037506287DC4A10080758D /* Basket.swift */ = {isa = PBXFileReference; lastKnownFileType = sourcecode.swift; path = Basket.swift; sourceTree = "<group>"; };
		00037508287DD3E00080758D /* RequestsBasketTests.swift */ = {isa = PBXFileReference; lastKnownFileType = sourcecode.swift; path = RequestsBasketTests.swift; sourceTree = "<group>"; };
		0003750B2888211E0080758D /* StartManager.swift */ = {isa = PBXFileReference; lastKnownFileType = sourcecode.swift; path = StartManager.swift; sourceTree = "<group>"; };
		0003750E288821F70080758D /* AuthViewController.swift */ = {isa = PBXFileReference; lastKnownFileType = sourcecode.swift; path = AuthViewController.swift; sourceTree = "<group>"; };
		00037512288827D60080758D /* AuthView.swift */ = {isa = PBXFileReference; lastKnownFileType = sourcecode.swift; path = AuthView.swift; sourceTree = "<group>"; };
		0003751E288886550080758D /* RegistrationViewController.swift */ = {isa = PBXFileReference; lastKnownFileType = sourcecode.swift; path = RegistrationViewController.swift; sourceTree = "<group>"; };
		00037520288886830080758D /* RegistrationView.swift */ = {isa = PBXFileReference; lastKnownFileType = sourcecode.swift; path = RegistrationView.swift; sourceTree = "<group>"; };
		00037527288C399B0080758D /* TabBarViewController.swift */ = {isa = PBXFileReference; lastKnownFileType = sourcecode.swift; path = TabBarViewController.swift; sourceTree = "<group>"; };
		0003752C288C3C0A0080758D /* EditDataViewController.swift */ = {isa = PBXFileReference; lastKnownFileType = sourcecode.swift; path = EditDataViewController.swift; sourceTree = "<group>"; };
		0003752F288C50A50080758D /* EditDataView.swift */ = {isa = PBXFileReference; lastKnownFileType = sourcecode.swift; path = EditDataView.swift; sourceTree = "<group>"; };
		0003753128904E410080758D /* CatalogTableViewController.swift */ = {isa = PBXFileReference; lastKnownFileType = sourcecode.swift; path = CatalogTableViewController.swift; sourceTree = "<group>"; };
		00037536289053F90080758D /* CircleImageView.swift */ = {isa = PBXFileReference; lastKnownFileType = sourcecode.swift; path = CircleImageView.swift; sourceTree = "<group>"; };
		000375382890587E0080758D /* CatalogTableViewCell.swift */ = {isa = PBXFileReference; lastKnownFileType = sourcecode.swift; path = CatalogTableViewCell.swift; sourceTree = "<group>"; };
		0003753B289066920080758D /* Extensions+Int.swift */ = {isa = PBXFileReference; lastKnownFileType = sourcecode.swift; path = "Extensions+Int.swift"; sourceTree = "<group>"; };
		000375462896E4500080758D /* ProductCardView.swift */ = {isa = PBXFileReference; lastKnownFileType = sourcecode.swift; path = ProductCardView.swift; sourceTree = "<group>"; };
		000375482896F11A0080758D /* ProductCardViewController.swift */ = {isa = PBXFileReference; lastKnownFileType = sourcecode.swift; path = ProductCardViewController.swift; sourceTree = "<group>"; };
		0025964028525F9400AC90C7 /* GBShop_KS.app */ = {isa = PBXFileReference; explicitFileType = wrapper.application; includeInIndex = 0; path = GBShop_KS.app; sourceTree = BUILT_PRODUCTS_DIR; };
		0025964328525F9500AC90C7 /* AppDelegate.swift */ = {isa = PBXFileReference; lastKnownFileType = sourcecode.swift; path = AppDelegate.swift; sourceTree = "<group>"; };
		0025964528525F9500AC90C7 /* SceneDelegate.swift */ = {isa = PBXFileReference; lastKnownFileType = sourcecode.swift; path = SceneDelegate.swift; sourceTree = "<group>"; };
		0025964C28525F9700AC90C7 /* Assets.xcassets */ = {isa = PBXFileReference; lastKnownFileType = folder.assetcatalog; path = Assets.xcassets; sourceTree = "<group>"; };
		0025964F28525F9700AC90C7 /* Base */ = {isa = PBXFileReference; lastKnownFileType = file.storyboard; name = Base; path = Base.lproj/LaunchScreen.storyboard; sourceTree = "<group>"; };
		0025965128525F9700AC90C7 /* Info.plist */ = {isa = PBXFileReference; lastKnownFileType = text.plist.xml; path = Info.plist; sourceTree = "<group>"; };
		0025965628525F9700AC90C7 /* GBShop_KSTests.xctest */ = {isa = PBXFileReference; explicitFileType = wrapper.cfbundle; includeInIndex = 0; path = GBShop_KSTests.xctest; sourceTree = BUILT_PRODUCTS_DIR; };
		0025965A28525F9700AC90C7 /* GBShop_KSTests.swift */ = {isa = PBXFileReference; lastKnownFileType = sourcecode.swift; path = GBShop_KSTests.swift; sourceTree = "<group>"; };
		0025966028525F9700AC90C7 /* GBShop_KSUITests.xctest */ = {isa = PBXFileReference; explicitFileType = wrapper.cfbundle; includeInIndex = 0; path = GBShop_KSUITests.xctest; sourceTree = BUILT_PRODUCTS_DIR; };
		0025966428525F9700AC90C7 /* GBShop_KSUITests.swift */ = {isa = PBXFileReference; lastKnownFileType = sourcecode.swift; path = GBShop_KSUITests.swift; sourceTree = "<group>"; };
		0025966628525F9700AC90C7 /* GBShop_KSUITestsLaunchTests.swift */ = {isa = PBXFileReference; lastKnownFileType = sourcecode.swift; path = GBShop_KSUITestsLaunchTests.swift; sourceTree = "<group>"; };
		0032D22B286111AD001CFA8A /* AbstractErrorParser.swift */ = {isa = PBXFileReference; lastKnownFileType = sourcecode.swift; path = AbstractErrorParser.swift; sourceTree = "<group>"; };
		0032D22D286112AE001CFA8A /* ErrorParser.swift */ = {isa = PBXFileReference; lastKnownFileType = sourcecode.swift; path = ErrorParser.swift; sourceTree = "<group>"; };
		0032D22F286117A4001CFA8A /* ResponseCodable.swift */ = {isa = PBXFileReference; lastKnownFileType = sourcecode.swift; path = ResponseCodable.swift; sourceTree = "<group>"; };
		0032D23128611E2F001CFA8A /* AbstractRequestFactory.swift */ = {isa = PBXFileReference; lastKnownFileType = sourcecode.swift; path = AbstractRequestFactory.swift; sourceTree = "<group>"; };
		0032D233286121BB001CFA8A /* RequestRouter.swift */ = {isa = PBXFileReference; lastKnownFileType = sourcecode.swift; path = RequestRouter.swift; sourceTree = "<group>"; };
		0032D2372861D021001CFA8A /* User.swift */ = {isa = PBXFileReference; lastKnownFileType = sourcecode.swift; path = User.swift; sourceTree = "<group>"; };
		0032D23A2861D207001CFA8A /* AuthRequestFactory.swift */ = {isa = PBXFileReference; lastKnownFileType = sourcecode.swift; path = AuthRequestFactory.swift; sourceTree = "<group>"; };
		0032D23C2861D2ED001CFA8A /* Auth.swift */ = {isa = PBXFileReference; lastKnownFileType = sourcecode.swift; path = Auth.swift; sourceTree = "<group>"; };
		0032D23E2861D976001CFA8A /* RequestFactory.swift */ = {isa = PBXFileReference; lastKnownFileType = sourcecode.swift; path = RequestFactory.swift; sourceTree = "<group>"; };
		0032D24928621285001CFA8A /* RegistrationRequestFactory.swift */ = {isa = PBXFileReference; lastKnownFileType = sourcecode.swift; path = RegistrationRequestFactory.swift; sourceTree = "<group>"; };
		0032D24B286212C3001CFA8A /* Registration.swift */ = {isa = PBXFileReference; lastKnownFileType = sourcecode.swift; path = Registration.swift; sourceTree = "<group>"; };
		0032D2502862239C001CFA8A /* СhangeUserDataRequestFactory.swift */ = {isa = PBXFileReference; lastKnownFileType = sourcecode.swift; path = "СhangeUserDataRequestFactory.swift"; sourceTree = "<group>"; };
		0032D252286223AD001CFA8A /* СhangeUserData.swift */ = {isa = PBXFileReference; lastKnownFileType = sourcecode.swift; path = "СhangeUserData.swift"; sourceTree = "<group>"; };
		004CA931286D9979005F2C7F /* ResponseCodableTests.swift */ = {isa = PBXFileReference; lastKnownFileType = sourcecode.swift; path = ResponseCodableTests.swift; sourceTree = "<group>"; };
		004CA933286DB54B005F2C7F /* RequestsAuthTests.swift */ = {isa = PBXFileReference; lastKnownFileType = sourcecode.swift; path = RequestsAuthTests.swift; sourceTree = "<group>"; };
		004CA935286DCA29005F2C7F /* CatalogResult.swift */ = {isa = PBXFileReference; lastKnownFileType = sourcecode.swift; path = CatalogResult.swift; sourceTree = "<group>"; };
		004CA93B286DD083005F2C7F /* GoodByldResult.swift */ = {isa = PBXFileReference; lastKnownFileType = sourcecode.swift; path = GoodByldResult.swift; sourceTree = "<group>"; };
		004CA93E286DD365005F2C7F /* CatalogRequestFactory.swift */ = {isa = PBXFileReference; lastKnownFileType = sourcecode.swift; path = CatalogRequestFactory.swift; sourceTree = "<group>"; };
		004CA943286DD6B7005F2C7F /* Catalog.swift */ = {isa = PBXFileReference; lastKnownFileType = sourcecode.swift; path = Catalog.swift; sourceTree = "<group>"; };
		004CA945286DE7CB005F2C7F /* GoodByldRequestFactory.swift */ = {isa = PBXFileReference; lastKnownFileType = sourcecode.swift; path = GoodByldRequestFactory.swift; sourceTree = "<group>"; };
		004CA947286DEA56005F2C7F /* GoodByld.swift */ = {isa = PBXFileReference; lastKnownFileType = sourcecode.swift; path = GoodByld.swift; sourceTree = "<group>"; };
/* End PBXFileReference section */

/* Begin PBXFrameworksBuildPhase section */
		0025963D28525F9400AC90C7 /* Frameworks */ = {
			isa = PBXFrameworksBuildPhase;
			buildActionMask = 2147483647;
			files = (
				0003753F2890AC630080758D /* SDWebImage in Frameworks */,
				0032D229286110AF001CFA8A /* Alamofire in Frameworks */,
			);
			runOnlyForDeploymentPostprocessing = 0;
		};
		0025965328525F9700AC90C7 /* Frameworks */ = {
			isa = PBXFrameworksBuildPhase;
			buildActionMask = 2147483647;
			files = (
			);
			runOnlyForDeploymentPostprocessing = 0;
		};
		0025965D28525F9700AC90C7 /* Frameworks */ = {
			isa = PBXFrameworksBuildPhase;
			buildActionMask = 2147483647;
			files = (
			);
			runOnlyForDeploymentPostprocessing = 0;
		};
/* End PBXFrameworksBuildPhase section */

/* Begin PBXGroup section */
		000374F428773A2F0080758D /* Review */ = {
			isa = PBXGroup;
			children = (
				000374F628773C030080758D /* ReviewResult.swift */,
			);
			path = Review;
			sourceTree = "<group>";
		};
		000374F528773A4A0080758D /* Review */ = {
			isa = PBXGroup;
			children = (
				000374F82877481B0080758D /* ReviewRequestFactory.swift */,
				000374FA287748E60080758D /* Review.swift */,
			);
			path = Review;
			sourceTree = "<group>";
		};
		000374FE287DBC480080758D /* Basket */ = {
			isa = PBXGroup;
			children = (
				000374FF287DBCB80080758D /* BasketRequestFactory.swift */,
				00037506287DC4A10080758D /* Basket.swift */,
			);
			path = Basket;
			sourceTree = "<group>";
		};
		00037501287DBEE20080758D /* Basket */ = {
			isa = PBXGroup;
			children = (
				00037502287DBF210080758D /* BasketResult.swift */,
				00037504287DC31C0080758D /* BasketRequest.swift */,
			);
			path = Basket;
			sourceTree = "<group>";
		};
		0003750A288821090080758D /* AppStartManager */ = {
			isa = PBXGroup;
			children = (
				0003750B2888211E0080758D /* StartManager.swift */,
			);
			path = AppStartManager;
			sourceTree = "<group>";
		};
		0003750D288821CE0080758D /* Auth */ = {
			isa = PBXGroup;
			children = (
				00037510288827770080758D /* Controller */,
				00037511288827AD0080758D /* View */,
			);
			path = Auth;
			sourceTree = "<group>";
		};
		00037510288827770080758D /* Controller */ = {
			isa = PBXGroup;
			children = (
				0003750E288821F70080758D /* AuthViewController.swift */,
			);
			path = Controller;
			sourceTree = "<group>";
		};
		00037511288827AD0080758D /* View */ = {
			isa = PBXGroup;
			children = (
				00037512288827D60080758D /* AuthView.swift */,
			);
			path = View;
			sourceTree = "<group>";
		};
		00037514288881350080758D /* Catalog */ = {
			isa = PBXGroup;
			children = (
				00037515288881520080758D /* Controller */,
				000375162888815D0080758D /* Cell */,
			);
			path = Catalog;
			sourceTree = "<group>";
		};
		00037515288881520080758D /* Controller */ = {
			isa = PBXGroup;
			children = (
				0003753128904E410080758D /* CatalogTableViewController.swift */,
			);
			path = Controller;
			sourceTree = "<group>";
		};
		000375162888815D0080758D /* Cell */ = {
			isa = PBXGroup;
			children = (
				000375382890587E0080758D /* CatalogTableViewCell.swift */,
			);
			path = Cell;
			sourceTree = "<group>";
		};
		00037519288884650080758D /* Registration */ = {
			isa = PBXGroup;
			children = (
				0003751A288884730080758D /* Controller */,
				0003751B288884810080758D /* View */,
			);
			path = Registration;
			sourceTree = "<group>";
		};
		0003751A288884730080758D /* Controller */ = {
			isa = PBXGroup;
			children = (
				0003751E288886550080758D /* RegistrationViewController.swift */,
			);
			path = Controller;
			sourceTree = "<group>";
		};
		0003751B288884810080758D /* View */ = {
			isa = PBXGroup;
			children = (
				00037520288886830080758D /* RegistrationView.swift */,
			);
			path = View;
			sourceTree = "<group>";
		};
		00037526288C397C0080758D /* TabBarVC */ = {
			isa = PBXGroup;
			children = (
				00037527288C399B0080758D /* TabBarViewController.swift */,
			);
			path = TabBarVC;
			sourceTree = "<group>";
		};
		00037529288C3BAF0080758D /* EditUserData */ = {
			isa = PBXGroup;
			children = (
				0003752B288C3BE20080758D /* Controller */,
				0003752A288C3BD70080758D /* View */,
			);
			path = EditUserData;
			sourceTree = "<group>";
		};
		0003752A288C3BD70080758D /* View */ = {
			isa = PBXGroup;
			children = (
				0003752F288C50A50080758D /* EditDataView.swift */,
			);
			path = View;
			sourceTree = "<group>";
		};
		0003752B288C3BE20080758D /* Controller */ = {
			isa = PBXGroup;
			children = (
				0003752C288C3C0A0080758D /* EditDataViewController.swift */,
			);
			path = Controller;
			sourceTree = "<group>";
		};
		00037535289053700080758D /* UIComponents */ = {
			isa = PBXGroup;
			children = (
				00037536289053F90080758D /* CircleImageView.swift */,
			);
			path = UIComponents;
			sourceTree = "<group>";
		};
		0003753A289066740080758D /* Extensions */ = {
			isa = PBXGroup;
			children = (
				0003753B289066920080758D /* Extensions+Int.swift */,
			);
			path = Extensions;
			sourceTree = "<group>";
		};
		000375432896DFA70080758D /* ProductCard */ = {
			isa = PBXGroup;
			children = (
				000375452896DFD50080758D /* Controller */,
				000375442896DFCE0080758D /* View */,
			);
			path = ProductCard;
			sourceTree = "<group>";
		};
		000375442896DFCE0080758D /* View */ = {
			isa = PBXGroup;
			children = (
				000375462896E4500080758D /* ProductCardView.swift */,
			);
			path = View;
			sourceTree = "<group>";
		};
		000375452896DFD50080758D /* Controller */ = {
			isa = PBXGroup;
			children = (
				000375482896F11A0080758D /* ProductCardViewController.swift */,
			);
			path = Controller;
			sourceTree = "<group>";
		};
		0025963728525F9400AC90C7 = {
			isa = PBXGroup;
			children = (
				0025964228525F9400AC90C7 /* GBShop_KS */,
				0025965928525F9700AC90C7 /* GBShop_KSTests */,
				0025966328525F9700AC90C7 /* GBShop_KSUITests */,
				0025964128525F9400AC90C7 /* Products */,
			);
			sourceTree = "<group>";
		};
		0025964128525F9400AC90C7 /* Products */ = {
			isa = PBXGroup;
			children = (
				0025964028525F9400AC90C7 /* GBShop_KS.app */,
				0025965628525F9700AC90C7 /* GBShop_KSTests.xctest */,
				0025966028525F9700AC90C7 /* GBShop_KSUITests.xctest */,
			);
			name = Products;
			sourceTree = "<group>";
		};
		0025964228525F9400AC90C7 /* GBShop_KS */ = {
			isa = PBXGroup;
			children = (
				0025967328525FA100AC90C7 /* App */,
				0025967628525FB600AC90C7 /* Core */,
				0025967528525FAF00AC90C7 /* Resources */,
				0025967428525FAC00AC90C7 /* Environments */,
			);
			path = GBShop_KS;
			sourceTree = "<group>";
		};
		0025965928525F9700AC90C7 /* GBShop_KSTests */ = {
			isa = PBXGroup;
			children = (
				0025965A28525F9700AC90C7 /* GBShop_KSTests.swift */,
				004CA931286D9979005F2C7F /* ResponseCodableTests.swift */,
				004CA933286DB54B005F2C7F /* RequestsAuthTests.swift */,
				000374F2287739080080758D /* RequestsCatalogTests.swift */,
				000374FC287750000080758D /* RequestsReviewTests.swift */,
				00037508287DD3E00080758D /* RequestsBasketTests.swift */,
			);
			path = GBShop_KSTests;
			sourceTree = "<group>";
		};
		0025966328525F9700AC90C7 /* GBShop_KSUITests */ = {
			isa = PBXGroup;
			children = (
				0025966428525F9700AC90C7 /* GBShop_KSUITests.swift */,
				0025966628525F9700AC90C7 /* GBShop_KSUITestsLaunchTests.swift */,
			);
			path = GBShop_KSUITests;
			sourceTree = "<group>";
		};
		0025967328525FA100AC90C7 /* App */ = {
			isa = PBXGroup;
			children = (
				0025964328525F9500AC90C7 /* AppDelegate.swift */,
				0025964528525F9500AC90C7 /* SceneDelegate.swift */,
				0025967A28525FC700AC90C7 /* BusinessLogic */,
				0025967928525FC400AC90C7 /* Entity */,
				0025967828525FBF00AC90C7 /* Assembly */,
				0025967728525FBC00AC90C7 /* Flows */,
			);
			path = App;
			sourceTree = "<group>";
		};
		0025967428525FAC00AC90C7 /* Environments */ = {
			isa = PBXGroup;
			children = (
				0025965128525F9700AC90C7 /* Info.plist */,
			);
			path = Environments;
			sourceTree = "<group>";
		};
		0025967528525FAF00AC90C7 /* Resources */ = {
			isa = PBXGroup;
			children = (
				0025964C28525F9700AC90C7 /* Assets.xcassets */,
				0025964E28525F9700AC90C7 /* LaunchScreen.storyboard */,
			);
			path = Resources;
			sourceTree = "<group>";
		};
		0025967628525FB600AC90C7 /* Core */ = {
			isa = PBXGroup;
			children = (
				0003753A289066740080758D /* Extensions */,
				00037535289053700080758D /* UIComponents */,
				0032D22A28611123001CFA8A /* Network */,
			);
			path = Core;
			sourceTree = "<group>";
		};
		0025967728525FBC00AC90C7 /* Flows */ = {
			isa = PBXGroup;
			children = (
				00037526288C397C0080758D /* TabBarVC */,
				0003750D288821CE0080758D /* Auth */,
				00037519288884650080758D /* Registration */,
				00037529288C3BAF0080758D /* EditUserData */,
				00037514288881350080758D /* Catalog */,
				000375432896DFA70080758D /* ProductCard */,
			);
			path = Flows;
			sourceTree = "<group>";
		};
		0025967828525FBF00AC90C7 /* Assembly */ = {
			isa = PBXGroup;
			children = (
			);
			path = Assembly;
			sourceTree = "<group>";
		};
		0025967928525FC400AC90C7 /* Entity */ = {
			isa = PBXGroup;
			children = (
				004CA938286DCF8A005F2C7F /* PersonalArea */,
				004CA939286DCFC0005F2C7F /* Catalog */,
				00037501287DBEE20080758D /* Basket */,
				000374F428773A2F0080758D /* Review */,
			);
			path = Entity;
			sourceTree = "<group>";
		};
		0025967A28525FC700AC90C7 /* BusinessLogic */ = {
			isa = PBXGroup;
			children = (
				0003750A288821090080758D /* AppStartManager */,
				0032D2392861D1D0001CFA8A /* Network */,
			);
			path = BusinessLogic;
			sourceTree = "<group>";
		};
		0032D22A28611123001CFA8A /* Network */ = {
			isa = PBXGroup;
			children = (
				0032D2412861EBB0001CFA8A /* Error */,
				0032D2422861EBC8001CFA8A /* Router */,
				0032D22F286117A4001CFA8A /* ResponseCodable.swift */,
				0032D23128611E2F001CFA8A /* AbstractRequestFactory.swift */,
			);
			path = Network;
			sourceTree = "<group>";
		};
		0032D2392861D1D0001CFA8A /* Network */ = {
			isa = PBXGroup;
			children = (
				0032D254286226AA001CFA8A /* Request */,
				004CA93A286DD00C005F2C7F /* PersonalArea */,
				004CA942286DD482005F2C7F /* GoodByld */,
				004CA93D286DD30B005F2C7F /* Catalog */,
				000374F528773A4A0080758D /* Review */,
				000374FE287DBC480080758D /* Basket */,
			);
			path = Network;
			sourceTree = "<group>";
		};
		0032D2402861EB77001CFA8A /* Auth */ = {
			isa = PBXGroup;
			children = (
				0032D23A2861D207001CFA8A /* AuthRequestFactory.swift */,
				0032D23C2861D2ED001CFA8A /* Auth.swift */,
			);
			path = Auth;
			sourceTree = "<group>";
		};
		0032D2412861EBB0001CFA8A /* Error */ = {
			isa = PBXGroup;
			children = (
				0032D22B286111AD001CFA8A /* AbstractErrorParser.swift */,
				0032D22D286112AE001CFA8A /* ErrorParser.swift */,
			);
			path = Error;
			sourceTree = "<group>";
		};
		0032D2422861EBC8001CFA8A /* Router */ = {
			isa = PBXGroup;
			children = (
				0032D233286121BB001CFA8A /* RequestRouter.swift */,
			);
			path = Router;
			sourceTree = "<group>";
		};
		0032D2482862124B001CFA8A /* Registration */ = {
			isa = PBXGroup;
			children = (
				0032D24928621285001CFA8A /* RegistrationRequestFactory.swift */,
				0032D24B286212C3001CFA8A /* Registration.swift */,
			);
			path = Registration;
			sourceTree = "<group>";
		};
		0032D24F28622357001CFA8A /* СhangeUserData */ = {
			isa = PBXGroup;
			children = (
				0032D2502862239C001CFA8A /* СhangeUserDataRequestFactory.swift */,
				0032D252286223AD001CFA8A /* СhangeUserData.swift */,
			);
			path = "СhangeUserData";
			sourceTree = "<group>";
		};
		0032D254286226AA001CFA8A /* Request */ = {
			isa = PBXGroup;
			children = (
				0032D23E2861D976001CFA8A /* RequestFactory.swift */,
			);
			path = Request;
			sourceTree = "<group>";
		};
		004CA938286DCF8A005F2C7F /* PersonalArea */ = {
			isa = PBXGroup;
			children = (
				0032D2372861D021001CFA8A /* User.swift */,
				000374F0287611A30080758D /* DefaultResult.swift */,
			);
			path = PersonalArea;
			sourceTree = "<group>";
		};
		004CA939286DCFC0005F2C7F /* Catalog */ = {
			isa = PBXGroup;
			children = (
				004CA935286DCA29005F2C7F /* CatalogResult.swift */,
				004CA93B286DD083005F2C7F /* GoodByldResult.swift */,
			);
			path = Catalog;
			sourceTree = "<group>";
		};
		004CA93A286DD00C005F2C7F /* PersonalArea */ = {
			isa = PBXGroup;
			children = (
				0032D24F28622357001CFA8A /* СhangeUserData */,
				0032D2482862124B001CFA8A /* Registration */,
				0032D2402861EB77001CFA8A /* Auth */,
			);
			path = PersonalArea;
			sourceTree = "<group>";
		};
		004CA93D286DD30B005F2C7F /* Catalog */ = {
			isa = PBXGroup;
			children = (
				004CA93E286DD365005F2C7F /* CatalogRequestFactory.swift */,
				004CA943286DD6B7005F2C7F /* Catalog.swift */,
			);
			path = Catalog;
			sourceTree = "<group>";
		};
		004CA942286DD482005F2C7F /* GoodByld */ = {
			isa = PBXGroup;
			children = (
				004CA945286DE7CB005F2C7F /* GoodByldRequestFactory.swift */,
				004CA947286DEA56005F2C7F /* GoodByld.swift */,
			);
			path = GoodByld;
			sourceTree = "<group>";
		};
/* End PBXGroup section */

/* Begin PBXNativeTarget section */
		0025963F28525F9400AC90C7 /* GBShop_KS */ = {
			isa = PBXNativeTarget;
			buildConfigurationList = 0025966A28525F9700AC90C7 /* Build configuration list for PBXNativeTarget "GBShop_KS" */;
			buildPhases = (
				0025963C28525F9400AC90C7 /* Sources */,
				0025963D28525F9400AC90C7 /* Frameworks */,
				0025963E28525F9400AC90C7 /* Resources */,
			);
			buildRules = (
			);
			dependencies = (
			);
			name = GBShop_KS;
			packageProductDependencies = (
				0032D228286110AF001CFA8A /* Alamofire */,
				0003753E2890AC630080758D /* SDWebImage */,
			);
			productName = GBShop_KS;
			productReference = 0025964028525F9400AC90C7 /* GBShop_KS.app */;
			productType = "com.apple.product-type.application";
		};
		0025965528525F9700AC90C7 /* GBShop_KSTests */ = {
			isa = PBXNativeTarget;
			buildConfigurationList = 0025966D28525F9700AC90C7 /* Build configuration list for PBXNativeTarget "GBShop_KSTests" */;
			buildPhases = (
				0025965228525F9700AC90C7 /* Sources */,
				0025965328525F9700AC90C7 /* Frameworks */,
				0025965428525F9700AC90C7 /* Resources */,
			);
			buildRules = (
			);
			dependencies = (
				0025965828525F9700AC90C7 /* PBXTargetDependency */,
			);
			name = GBShop_KSTests;
			productName = GBShop_KSTests;
			productReference = 0025965628525F9700AC90C7 /* GBShop_KSTests.xctest */;
			productType = "com.apple.product-type.bundle.unit-test";
		};
		0025965F28525F9700AC90C7 /* GBShop_KSUITests */ = {
			isa = PBXNativeTarget;
			buildConfigurationList = 0025967028525F9700AC90C7 /* Build configuration list for PBXNativeTarget "GBShop_KSUITests" */;
			buildPhases = (
				0025965C28525F9700AC90C7 /* Sources */,
				0025965D28525F9700AC90C7 /* Frameworks */,
				0025965E28525F9700AC90C7 /* Resources */,
			);
			buildRules = (
			);
			dependencies = (
				0025966228525F9700AC90C7 /* PBXTargetDependency */,
			);
			name = GBShop_KSUITests;
			productName = GBShop_KSUITests;
			productReference = 0025966028525F9700AC90C7 /* GBShop_KSUITests.xctest */;
			productType = "com.apple.product-type.bundle.ui-testing";
		};
/* End PBXNativeTarget section */

/* Begin PBXProject section */
		0025963828525F9400AC90C7 /* Project object */ = {
			isa = PBXProject;
			attributes = {
				BuildIndependentTargetsInParallel = 1;
				LastSwiftUpdateCheck = 1340;
				LastUpgradeCheck = 1340;
				TargetAttributes = {
					0025963F28525F9400AC90C7 = {
						CreatedOnToolsVersion = 13.4.1;
					};
					0025965528525F9700AC90C7 = {
						CreatedOnToolsVersion = 13.4.1;
						TestTargetID = 0025963F28525F9400AC90C7;
					};
					0025965F28525F9700AC90C7 = {
						CreatedOnToolsVersion = 13.4.1;
						TestTargetID = 0025963F28525F9400AC90C7;
					};
				};
			};
			buildConfigurationList = 0025963B28525F9400AC90C7 /* Build configuration list for PBXProject "GBShop_KS" */;
			compatibilityVersion = "Xcode 13.0";
			developmentRegion = en;
			hasScannedForEncodings = 0;
			knownRegions = (
				en,
				Base,
			);
			mainGroup = 0025963728525F9400AC90C7;
			packageReferences = (
				0032D227286110AF001CFA8A /* XCRemoteSwiftPackageReference "Alamofire" */,
				0003753D2890AC630080758D /* XCRemoteSwiftPackageReference "SDWebImage" */,
			);
			productRefGroup = 0025964128525F9400AC90C7 /* Products */;
			projectDirPath = "";
			projectRoot = "";
			targets = (
				0025963F28525F9400AC90C7 /* GBShop_KS */,
				0025965528525F9700AC90C7 /* GBShop_KSTests */,
				0025965F28525F9700AC90C7 /* GBShop_KSUITests */,
			);
		};
/* End PBXProject section */

/* Begin PBXResourcesBuildPhase section */
		0025963E28525F9400AC90C7 /* Resources */ = {
			isa = PBXResourcesBuildPhase;
			buildActionMask = 2147483647;
			files = (
				0025965028525F9700AC90C7 /* LaunchScreen.storyboard in Resources */,
				0025964D28525F9700AC90C7 /* Assets.xcassets in Resources */,
			);
			runOnlyForDeploymentPostprocessing = 0;
		};
		0025965428525F9700AC90C7 /* Resources */ = {
			isa = PBXResourcesBuildPhase;
			buildActionMask = 2147483647;
			files = (
			);
			runOnlyForDeploymentPostprocessing = 0;
		};
		0025965E28525F9700AC90C7 /* Resources */ = {
			isa = PBXResourcesBuildPhase;
			buildActionMask = 2147483647;
			files = (
			);
			runOnlyForDeploymentPostprocessing = 0;
		};
/* End PBXResourcesBuildPhase section */

/* Begin PBXSourcesBuildPhase section */
		0025963C28525F9400AC90C7 /* Sources */ = {
			isa = PBXSourcesBuildPhase;
			buildActionMask = 2147483647;
			files = (
				0032D23F2861D976001CFA8A /* RequestFactory.swift in Sources */,
				0032D22C286111AD001CFA8A /* AbstractErrorParser.swift in Sources */,
				00037500287DBCB80080758D /* BasketRequestFactory.swift in Sources */,
				0003752D288C3C0A0080758D /* EditDataViewController.swift in Sources */,
				004CA948286DEA56005F2C7F /* GoodByld.swift in Sources */,
				00037528288C399B0080758D /* TabBarViewController.swift in Sources */,
				000375472896E4500080758D /* ProductCardView.swift in Sources */,
				004CA946286DE7CB005F2C7F /* GoodByldRequestFactory.swift in Sources */,
				000375492896F11A0080758D /* ProductCardViewController.swift in Sources */,
				0032D230286117A4001CFA8A /* ResponseCodable.swift in Sources */,
				0032D23B2861D207001CFA8A /* AuthRequestFactory.swift in Sources */,
				004CA93C286DD083005F2C7F /* GoodByldResult.swift in Sources */,
				0003751F288886550080758D /* RegistrationViewController.swift in Sources */,
				0032D234286121BB001CFA8A /* RequestRouter.swift in Sources */,
				0032D253286223AD001CFA8A /* СhangeUserData.swift in Sources */,
				004CA93F286DD365005F2C7F /* CatalogRequestFactory.swift in Sources */,
				00037503287DBF210080758D /* BasketResult.swift in Sources */,
				00037537289053F90080758D /* CircleImageView.swift in Sources */,
				00037507287DC4A10080758D /* Basket.swift in Sources */,
				000374FB287748E60080758D /* Review.swift in Sources */,
				000374F1287611A30080758D /* DefaultResult.swift in Sources */,
				000375392890587E0080758D /* CatalogTableViewCell.swift in Sources */,
				0025964428525F9500AC90C7 /* AppDelegate.swift in Sources */,
				0032D2512862239C001CFA8A /* СhangeUserDataRequestFactory.swift in Sources */,
				0003753C289066920080758D /* Extensions+Int.swift in Sources */,
				0032D24C286212C3001CFA8A /* Registration.swift in Sources */,
				0003750C2888211E0080758D /* StartManager.swift in Sources */,
				0032D23D2861D2ED001CFA8A /* Auth.swift in Sources */,
				0032D24A28621285001CFA8A /* RegistrationRequestFactory.swift in Sources */,
				000374F92877481B0080758D /* ReviewRequestFactory.swift in Sources */,
				00037513288827D60080758D /* AuthView.swift in Sources */,
				00037521288886830080758D /* RegistrationView.swift in Sources */,
				0003753228904E410080758D /* CatalogTableViewController.swift in Sources */,
				004CA936286DCA29005F2C7F /* CatalogResult.swift in Sources */,
				0032D2382861D021001CFA8A /* User.swift in Sources */,
				000374F728773C030080758D /* ReviewResult.swift in Sources */,
				0025964628525F9500AC90C7 /* SceneDelegate.swift in Sources */,
				0032D23228611E2F001CFA8A /* AbstractRequestFactory.swift in Sources */,
				00037505287DC31C0080758D /* BasketRequest.swift in Sources */,
				0032D22E286112AE001CFA8A /* ErrorParser.swift in Sources */,
				004CA944286DD6B7005F2C7F /* Catalog.swift in Sources */,
				00037530288C50A50080758D /* EditDataView.swift in Sources */,
				0003750F288821F70080758D /* AuthViewController.swift in Sources */,
			);
			runOnlyForDeploymentPostprocessing = 0;
		};
		0025965228525F9700AC90C7 /* Sources */ = {
			isa = PBXSourcesBuildPhase;
			buildActionMask = 2147483647;
			files = (
				0025965B28525F9700AC90C7 /* GBShop_KSTests.swift in Sources */,
				004CA932286D9979005F2C7F /* ResponseCodableTests.swift in Sources */,
				000374FD287750000080758D /* RequestsReviewTests.swift in Sources */,
				00037509287DD3E10080758D /* RequestsBasketTests.swift in Sources */,
				004CA934286DB54B005F2C7F /* RequestsAuthTests.swift in Sources */,
				000374F3287739080080758D /* RequestsCatalogTests.swift in Sources */,
			);
			runOnlyForDeploymentPostprocessing = 0;
		};
		0025965C28525F9700AC90C7 /* Sources */ = {
			isa = PBXSourcesBuildPhase;
			buildActionMask = 2147483647;
			files = (
				0025966528525F9700AC90C7 /* GBShop_KSUITests.swift in Sources */,
				0025966728525F9700AC90C7 /* GBShop_KSUITestsLaunchTests.swift in Sources */,
			);
			runOnlyForDeploymentPostprocessing = 0;
		};
/* End PBXSourcesBuildPhase section */

/* Begin PBXTargetDependency section */
		0025965828525F9700AC90C7 /* PBXTargetDependency */ = {
			isa = PBXTargetDependency;
			target = 0025963F28525F9400AC90C7 /* GBShop_KS */;
			targetProxy = 0025965728525F9700AC90C7 /* PBXContainerItemProxy */;
		};
		0025966228525F9700AC90C7 /* PBXTargetDependency */ = {
			isa = PBXTargetDependency;
			target = 0025963F28525F9400AC90C7 /* GBShop_KS */;
			targetProxy = 0025966128525F9700AC90C7 /* PBXContainerItemProxy */;
		};
/* End PBXTargetDependency section */

/* Begin PBXVariantGroup section */
		0025964E28525F9700AC90C7 /* LaunchScreen.storyboard */ = {
			isa = PBXVariantGroup;
			children = (
				0025964F28525F9700AC90C7 /* Base */,
			);
			name = LaunchScreen.storyboard;
			sourceTree = "<group>";
		};
/* End PBXVariantGroup section */

/* Begin XCBuildConfiguration section */
		0025966828525F9700AC90C7 /* Debug */ = {
			isa = XCBuildConfiguration;
			buildSettings = {
				ALWAYS_SEARCH_USER_PATHS = NO;
				CLANG_ANALYZER_NONNULL = YES;
				CLANG_ANALYZER_NUMBER_OBJECT_CONVERSION = YES_AGGRESSIVE;
				CLANG_CXX_LANGUAGE_STANDARD = "gnu++17";
				CLANG_ENABLE_MODULES = YES;
				CLANG_ENABLE_OBJC_ARC = YES;
				CLANG_ENABLE_OBJC_WEAK = YES;
				CLANG_WARN_BLOCK_CAPTURE_AUTORELEASING = YES;
				CLANG_WARN_BOOL_CONVERSION = YES;
				CLANG_WARN_COMMA = YES;
				CLANG_WARN_CONSTANT_CONVERSION = YES;
				CLANG_WARN_DEPRECATED_OBJC_IMPLEMENTATIONS = YES;
				CLANG_WARN_DIRECT_OBJC_ISA_USAGE = YES_ERROR;
				CLANG_WARN_DOCUMENTATION_COMMENTS = YES;
				CLANG_WARN_EMPTY_BODY = YES;
				CLANG_WARN_ENUM_CONVERSION = YES;
				CLANG_WARN_INFINITE_RECURSION = YES;
				CLANG_WARN_INT_CONVERSION = YES;
				CLANG_WARN_NON_LITERAL_NULL_CONVERSION = YES;
				CLANG_WARN_OBJC_IMPLICIT_RETAIN_SELF = YES;
				CLANG_WARN_OBJC_LITERAL_CONVERSION = YES;
				CLANG_WARN_OBJC_ROOT_CLASS = YES_ERROR;
				CLANG_WARN_QUOTED_INCLUDE_IN_FRAMEWORK_HEADER = YES;
				CLANG_WARN_RANGE_LOOP_ANALYSIS = YES;
				CLANG_WARN_STRICT_PROTOTYPES = YES;
				CLANG_WARN_SUSPICIOUS_MOVE = YES;
				CLANG_WARN_UNGUARDED_AVAILABILITY = YES_AGGRESSIVE;
				CLANG_WARN_UNREACHABLE_CODE = YES;
				CLANG_WARN__DUPLICATE_METHOD_MATCH = YES;
				COPY_PHASE_STRIP = NO;
				DEBUG_INFORMATION_FORMAT = dwarf;
				ENABLE_STRICT_OBJC_MSGSEND = YES;
				ENABLE_TESTABILITY = YES;
				GCC_C_LANGUAGE_STANDARD = gnu11;
				GCC_DYNAMIC_NO_PIC = NO;
				GCC_NO_COMMON_BLOCKS = YES;
				GCC_OPTIMIZATION_LEVEL = 0;
				GCC_PREPROCESSOR_DEFINITIONS = (
					"DEBUG=1",
					"$(inherited)",
				);
				GCC_WARN_64_TO_32_BIT_CONVERSION = YES;
				GCC_WARN_ABOUT_RETURN_TYPE = YES_ERROR;
				GCC_WARN_UNDECLARED_SELECTOR = YES;
				GCC_WARN_UNINITIALIZED_AUTOS = YES_AGGRESSIVE;
				GCC_WARN_UNUSED_FUNCTION = YES;
				GCC_WARN_UNUSED_VARIABLE = YES;
				IPHONEOS_DEPLOYMENT_TARGET = 15.5;
				MTL_ENABLE_DEBUG_INFO = INCLUDE_SOURCE;
				MTL_FAST_MATH = YES;
				ONLY_ACTIVE_ARCH = YES;
				SDKROOT = iphoneos;
				SWIFT_ACTIVE_COMPILATION_CONDITIONS = DEBUG;
				SWIFT_OPTIMIZATION_LEVEL = "-Onone";
			};
			name = Debug;
		};
		0025966928525F9700AC90C7 /* Release */ = {
			isa = XCBuildConfiguration;
			buildSettings = {
				ALWAYS_SEARCH_USER_PATHS = NO;
				CLANG_ANALYZER_NONNULL = YES;
				CLANG_ANALYZER_NUMBER_OBJECT_CONVERSION = YES_AGGRESSIVE;
				CLANG_CXX_LANGUAGE_STANDARD = "gnu++17";
				CLANG_ENABLE_MODULES = YES;
				CLANG_ENABLE_OBJC_ARC = YES;
				CLANG_ENABLE_OBJC_WEAK = YES;
				CLANG_WARN_BLOCK_CAPTURE_AUTORELEASING = YES;
				CLANG_WARN_BOOL_CONVERSION = YES;
				CLANG_WARN_COMMA = YES;
				CLANG_WARN_CONSTANT_CONVERSION = YES;
				CLANG_WARN_DEPRECATED_OBJC_IMPLEMENTATIONS = YES;
				CLANG_WARN_DIRECT_OBJC_ISA_USAGE = YES_ERROR;
				CLANG_WARN_DOCUMENTATION_COMMENTS = YES;
				CLANG_WARN_EMPTY_BODY = YES;
				CLANG_WARN_ENUM_CONVERSION = YES;
				CLANG_WARN_INFINITE_RECURSION = YES;
				CLANG_WARN_INT_CONVERSION = YES;
				CLANG_WARN_NON_LITERAL_NULL_CONVERSION = YES;
				CLANG_WARN_OBJC_IMPLICIT_RETAIN_SELF = YES;
				CLANG_WARN_OBJC_LITERAL_CONVERSION = YES;
				CLANG_WARN_OBJC_ROOT_CLASS = YES_ERROR;
				CLANG_WARN_QUOTED_INCLUDE_IN_FRAMEWORK_HEADER = YES;
				CLANG_WARN_RANGE_LOOP_ANALYSIS = YES;
				CLANG_WARN_STRICT_PROTOTYPES = YES;
				CLANG_WARN_SUSPICIOUS_MOVE = YES;
				CLANG_WARN_UNGUARDED_AVAILABILITY = YES_AGGRESSIVE;
				CLANG_WARN_UNREACHABLE_CODE = YES;
				CLANG_WARN__DUPLICATE_METHOD_MATCH = YES;
				COPY_PHASE_STRIP = NO;
				DEBUG_INFORMATION_FORMAT = "dwarf-with-dsym";
				ENABLE_NS_ASSERTIONS = NO;
				ENABLE_STRICT_OBJC_MSGSEND = YES;
				GCC_C_LANGUAGE_STANDARD = gnu11;
				GCC_NO_COMMON_BLOCKS = YES;
				GCC_WARN_64_TO_32_BIT_CONVERSION = YES;
				GCC_WARN_ABOUT_RETURN_TYPE = YES_ERROR;
				GCC_WARN_UNDECLARED_SELECTOR = YES;
				GCC_WARN_UNINITIALIZED_AUTOS = YES_AGGRESSIVE;
				GCC_WARN_UNUSED_FUNCTION = YES;
				GCC_WARN_UNUSED_VARIABLE = YES;
				IPHONEOS_DEPLOYMENT_TARGET = 15.5;
				MTL_ENABLE_DEBUG_INFO = NO;
				MTL_FAST_MATH = YES;
				SDKROOT = iphoneos;
				SWIFT_COMPILATION_MODE = wholemodule;
				SWIFT_OPTIMIZATION_LEVEL = "-O";
				VALIDATE_PRODUCT = YES;
			};
			name = Release;
		};
		0025966B28525F9700AC90C7 /* Debug */ = {
			isa = XCBuildConfiguration;
			buildSettings = {
				ASSETCATALOG_COMPILER_APPICON_NAME = AppIcon;
				ASSETCATALOG_COMPILER_GLOBAL_ACCENT_COLOR_NAME = AccentColor;
				CODE_SIGN_STYLE = Automatic;
				CURRENT_PROJECT_VERSION = 1;
				DEVELOPMENT_TEAM = T8K8YS2863;
				GENERATE_INFOPLIST_FILE = YES;
				INFOPLIST_FILE = GBShop_KS/Environments/Info.plist;
				INFOPLIST_KEY_UIApplicationSupportsIndirectInputEvents = YES;
				INFOPLIST_KEY_UILaunchStoryboardName = LaunchScreen;
				INFOPLIST_KEY_UIMainStoryboardFile = LaunchScreen;
				INFOPLIST_KEY_UISupportedInterfaceOrientations_iPad = "UIInterfaceOrientationPortrait UIInterfaceOrientationPortraitUpsideDown UIInterfaceOrientationLandscapeLeft UIInterfaceOrientationLandscapeRight";
				INFOPLIST_KEY_UISupportedInterfaceOrientations_iPhone = "UIInterfaceOrientationPortrait UIInterfaceOrientationLandscapeLeft UIInterfaceOrientationLandscapeRight";
				LD_RUNPATH_SEARCH_PATHS = (
					"$(inherited)",
					"@executable_path/Frameworks",
				);
				MARKETING_VERSION = 1.0;
				PRODUCT_BUNDLE_IDENTIFIER = "gb.GBShop-KS";
				PRODUCT_NAME = "$(TARGET_NAME)";
				SWIFT_EMIT_LOC_STRINGS = YES;
				SWIFT_VERSION = 5.0;
				TARGETED_DEVICE_FAMILY = "1,2";
			};
			name = Debug;
		};
		0025966C28525F9700AC90C7 /* Release */ = {
			isa = XCBuildConfiguration;
			buildSettings = {
				ASSETCATALOG_COMPILER_APPICON_NAME = AppIcon;
				ASSETCATALOG_COMPILER_GLOBAL_ACCENT_COLOR_NAME = AccentColor;
				CODE_SIGN_STYLE = Automatic;
				CURRENT_PROJECT_VERSION = 1;
				DEVELOPMENT_TEAM = T8K8YS2863;
				GENERATE_INFOPLIST_FILE = YES;
				INFOPLIST_FILE = GBShop_KS/Environments/Info.plist;
				INFOPLIST_KEY_UIApplicationSupportsIndirectInputEvents = YES;
				INFOPLIST_KEY_UILaunchStoryboardName = LaunchScreen;
				INFOPLIST_KEY_UIMainStoryboardFile = LaunchScreen;
				INFOPLIST_KEY_UISupportedInterfaceOrientations_iPad = "UIInterfaceOrientationPortrait UIInterfaceOrientationPortraitUpsideDown UIInterfaceOrientationLandscapeLeft UIInterfaceOrientationLandscapeRight";
				INFOPLIST_KEY_UISupportedInterfaceOrientations_iPhone = "UIInterfaceOrientationPortrait UIInterfaceOrientationLandscapeLeft UIInterfaceOrientationLandscapeRight";
				LD_RUNPATH_SEARCH_PATHS = (
					"$(inherited)",
					"@executable_path/Frameworks",
				);
				MARKETING_VERSION = 1.0;
				PRODUCT_BUNDLE_IDENTIFIER = "gb.GBShop-KS";
				PRODUCT_NAME = "$(TARGET_NAME)";
				SWIFT_EMIT_LOC_STRINGS = YES;
				SWIFT_VERSION = 5.0;
				TARGETED_DEVICE_FAMILY = "1,2";
			};
			name = Release;
		};
		0025966E28525F9700AC90C7 /* Debug */ = {
			isa = XCBuildConfiguration;
			buildSettings = {
				ALWAYS_EMBED_SWIFT_STANDARD_LIBRARIES = YES;
				BUNDLE_LOADER = "$(TEST_HOST)";
				CODE_SIGN_STYLE = Automatic;
				CURRENT_PROJECT_VERSION = 1;
				DEVELOPMENT_TEAM = T8K8YS2863;
				GENERATE_INFOPLIST_FILE = YES;
				IPHONEOS_DEPLOYMENT_TARGET = 15.5;
				MARKETING_VERSION = 1.0;
				PRODUCT_BUNDLE_IDENTIFIER = "gb.GBShop-KSTests";
				PRODUCT_NAME = "$(TARGET_NAME)";
				SWIFT_EMIT_LOC_STRINGS = NO;
				SWIFT_VERSION = 5.0;
				TARGETED_DEVICE_FAMILY = "1,2";
				TEST_HOST = "$(BUILT_PRODUCTS_DIR)/GBShop_KS.app/GBShop_KS";
			};
			name = Debug;
		};
		0025966F28525F9700AC90C7 /* Release */ = {
			isa = XCBuildConfiguration;
			buildSettings = {
				ALWAYS_EMBED_SWIFT_STANDARD_LIBRARIES = YES;
				BUNDLE_LOADER = "$(TEST_HOST)";
				CODE_SIGN_STYLE = Automatic;
				CURRENT_PROJECT_VERSION = 1;
				DEVELOPMENT_TEAM = T8K8YS2863;
				GENERATE_INFOPLIST_FILE = YES;
				IPHONEOS_DEPLOYMENT_TARGET = 15.5;
				MARKETING_VERSION = 1.0;
				PRODUCT_BUNDLE_IDENTIFIER = "gb.GBShop-KSTests";
				PRODUCT_NAME = "$(TARGET_NAME)";
				SWIFT_EMIT_LOC_STRINGS = NO;
				SWIFT_VERSION = 5.0;
				TARGETED_DEVICE_FAMILY = "1,2";
				TEST_HOST = "$(BUILT_PRODUCTS_DIR)/GBShop_KS.app/GBShop_KS";
			};
			name = Release;
		};
		0025967128525F9700AC90C7 /* Debug */ = {
			isa = XCBuildConfiguration;
			buildSettings = {
				ALWAYS_EMBED_SWIFT_STANDARD_LIBRARIES = YES;
				CODE_SIGN_STYLE = Automatic;
				CURRENT_PROJECT_VERSION = 1;
				DEVELOPMENT_TEAM = T8K8YS2863;
				GENERATE_INFOPLIST_FILE = YES;
				MARKETING_VERSION = 1.0;
				PRODUCT_BUNDLE_IDENTIFIER = "gb.GBShop-KSUITests";
				PRODUCT_NAME = "$(TARGET_NAME)";
				SWIFT_EMIT_LOC_STRINGS = NO;
				SWIFT_VERSION = 5.0;
				TARGETED_DEVICE_FAMILY = "1,2";
				TEST_TARGET_NAME = GBShop_KS;
			};
			name = Debug;
		};
		0025967228525F9700AC90C7 /* Release */ = {
			isa = XCBuildConfiguration;
			buildSettings = {
				ALWAYS_EMBED_SWIFT_STANDARD_LIBRARIES = YES;
				CODE_SIGN_STYLE = Automatic;
				CURRENT_PROJECT_VERSION = 1;
				DEVELOPMENT_TEAM = T8K8YS2863;
				GENERATE_INFOPLIST_FILE = YES;
				MARKETING_VERSION = 1.0;
				PRODUCT_BUNDLE_IDENTIFIER = "gb.GBShop-KSUITests";
				PRODUCT_NAME = "$(TARGET_NAME)";
				SWIFT_EMIT_LOC_STRINGS = NO;
				SWIFT_VERSION = 5.0;
				TARGETED_DEVICE_FAMILY = "1,2";
				TEST_TARGET_NAME = GBShop_KS;
			};
			name = Release;
		};
/* End XCBuildConfiguration section */

/* Begin XCConfigurationList section */
		0025963B28525F9400AC90C7 /* Build configuration list for PBXProject "GBShop_KS" */ = {
			isa = XCConfigurationList;
			buildConfigurations = (
				0025966828525F9700AC90C7 /* Debug */,
				0025966928525F9700AC90C7 /* Release */,
			);
			defaultConfigurationIsVisible = 0;
			defaultConfigurationName = Release;
		};
		0025966A28525F9700AC90C7 /* Build configuration list for PBXNativeTarget "GBShop_KS" */ = {
			isa = XCConfigurationList;
			buildConfigurations = (
				0025966B28525F9700AC90C7 /* Debug */,
				0025966C28525F9700AC90C7 /* Release */,
			);
			defaultConfigurationIsVisible = 0;
			defaultConfigurationName = Release;
		};
		0025966D28525F9700AC90C7 /* Build configuration list for PBXNativeTarget "GBShop_KSTests" */ = {
			isa = XCConfigurationList;
			buildConfigurations = (
				0025966E28525F9700AC90C7 /* Debug */,
				0025966F28525F9700AC90C7 /* Release */,
			);
			defaultConfigurationIsVisible = 0;
			defaultConfigurationName = Release;
		};
		0025967028525F9700AC90C7 /* Build configuration list for PBXNativeTarget "GBShop_KSUITests" */ = {
			isa = XCConfigurationList;
			buildConfigurations = (
				0025967128525F9700AC90C7 /* Debug */,
				0025967228525F9700AC90C7 /* Release */,
			);
			defaultConfigurationIsVisible = 0;
			defaultConfigurationName = Release;
		};
/* End XCConfigurationList section */

/* Begin XCRemoteSwiftPackageReference section */
		0003753D2890AC630080758D /* XCRemoteSwiftPackageReference "SDWebImage" */ = {
			isa = XCRemoteSwiftPackageReference;
			repositoryURL = "https://github.com/SDWebImage/SDWebImage.git";
			requirement = {
				kind = upToNextMajorVersion;
				minimumVersion = 5.13.2;
			};
		};
		0032D227286110AF001CFA8A /* XCRemoteSwiftPackageReference "Alamofire" */ = {
			isa = XCRemoteSwiftPackageReference;
			repositoryURL = "https://github.com/Alamofire/Alamofire.git";
			requirement = {
				kind = upToNextMajorVersion;
				minimumVersion = 5.6.1;
			};
		};
/* End XCRemoteSwiftPackageReference section */

/* Begin XCSwiftPackageProductDependency section */
		0003753E2890AC630080758D /* SDWebImage */ = {
			isa = XCSwiftPackageProductDependency;
			package = 0003753D2890AC630080758D /* XCRemoteSwiftPackageReference "SDWebImage" */;
			productName = SDWebImage;
		};
		0032D228286110AF001CFA8A /* Alamofire */ = {
			isa = XCSwiftPackageProductDependency;
			package = 0032D227286110AF001CFA8A /* XCRemoteSwiftPackageReference "Alamofire" */;
			productName = Alamofire;
		};
/* End XCSwiftPackageProductDependency section */
	};
	rootObject = 0025963828525F9400AC90C7 /* Project object */;
}
